PODS:
  - netfox (1.19.0)
  - SwiftLint (0.44.0)

DEPENDENCIES:
  - netfox
  - SwiftLint

SPEC REPOS:
  trunk:
    - netfox
    - SwiftLint

SPEC CHECKSUMS:
  netfox: efeec1d23406df6cd605212f09a40957bb5654eb
  SwiftLint: e96c0a8c770c7ebbc4d36c55baf9096bb65c4584

PODFILE CHECKSUM: 35f9e5396d0f1391c137d6db12f6f79ce45fa6ac

COCOAPODS: 1.10.2
