PODS:
  - Common (1.0)
  - CommonUI (1.0):
    - FloatingPanel
    - Kingfisher
  - FloatingPanel (2.5.0)
  - Kingfisher (7.0.0)
  - netfox (1.19.0)
  - SwiftLint (0.44.0)

DEPENDENCIES:
  - Common (from `./Modules/Common`)
  - CommonUI (from `./Modules/CommonUI`)
  - netfox
  - SwiftLint

SPEC REPOS:
  https://github.com/CocoaPods/Specs.git:
    - FloatingPanel
    - Kingfisher
    - netfox
    - SwiftLint

EXTERNAL SOURCES:
  Common:
    :path: "./Modules/Common"
  CommonUI:
    :path: "./Modules/CommonUI"

SPEC CHECKSUMS:
  Common: 0c0227a261136f381a6b95249f3094491768e562
  CommonUI: b84095a0ec2bb042014c37bae0a77cf4dc04920a
  FloatingPanel: ddb1c8cbbacd164cfee651c449febe867a28e2cb
  Kingfisher: 5efc54fec3980f92354898532e562cc17f31efb4
  netfox: efeec1d23406df6cd605212f09a40957bb5654eb
  SwiftLint: e96c0a8c770c7ebbc4d36c55baf9096bb65c4584

PODFILE CHECKSUM: bdf5d8903e48c4e4de70846127c4a6ccefedde00

COCOAPODS: 1.10.2
