// !$*UTF8*$!
{
	archiveVersion = 1;
	classes = {
	};
	objectVersion = 51;
	objects = {

/* Begin PBXBuildFile section */
		68CD5E7454EDB387F4894155 /* Pods_iOSBaseUITests.framework in Frameworks */ = {isa = PBXBuildFile; fileRef = 995C2529E52EF556E7F67CAC /* Pods_iOSBaseUITests.framework */; };
		7F4A355FCFDF005DFF0EADA9 /* Pods_iOSBase.framework in Frameworks */ = {isa = PBXBuildFile; fileRef = 3F5A73354611ECE982A3CD8B /* Pods_iOSBase.framework */; };
		C3C54E694235B803D480216C /* Pods_iOSBaseTests.framework in Frameworks */ = {isa = PBXBuildFile; fileRef = 2C9B3EB6EA542747DE57BFCF /* Pods_iOSBaseTests.framework */; };
		CB06E30627B7D97D0070A7FB /* SplashRemoteStore.swift in Sources */ = {isa = PBXBuildFile; fileRef = CB06E2BB27B7D97C0070A7FB /* SplashRemoteStore.swift */; };
		CB06E30727B7D97D0070A7FB /* SplashViewController.swift in Sources */ = {isa = PBXBuildFile; fileRef = CB06E2BC27B7D97C0070A7FB /* SplashViewController.swift */; };
		CB06E30827B7D97D0070A7FB /* SplashPresenter.swift in Sources */ = {isa = PBXBuildFile; fileRef = CB06E2BD27B7D97C0070A7FB /* SplashPresenter.swift */; };
		CB06E30927B7D97D0070A7FB /* SplashWorker.swift in Sources */ = {isa = PBXBuildFile; fileRef = CB06E2BE27B7D97C0070A7FB /* SplashWorker.swift */; };
		CB06E30A27B7D97D0070A7FB /* SplashRouter.swift in Sources */ = {isa = PBXBuildFile; fileRef = CB06E2BF27B7D97C0070A7FB /* SplashRouter.swift */; };
		CB06E30B27B7D97D0070A7FB /* SplashInteractor.swift in Sources */ = {isa = PBXBuildFile; fileRef = CB06E2C027B7D97C0070A7FB /* SplashInteractor.swift */; };
		CB06E30C27B7D97D0070A7FB /* Splash.storyboard in Resources */ = {isa = PBXBuildFile; fileRef = CB06E2C127B7D97C0070A7FB /* Splash.storyboard */; };
		CB06E30D27B7D97D0070A7FB /* SplashAssembly.swift in Sources */ = {isa = PBXBuildFile; fileRef = CB06E2C227B7D97C0070A7FB /* SplashAssembly.swift */; };
		CB06E30E27B7D97D0070A7FB /* CheckAuthenticationUseCase.swift in Sources */ = {isa = PBXBuildFile; fileRef = CB06E2C427B7D97C0070A7FB /* CheckAuthenticationUseCase.swift */; };
		CB06E30F27B7D97D0070A7FB /* TabBarPresenter.swift in Sources */ = {isa = PBXBuildFile; fileRef = CB06E2C627B7D97C0070A7FB /* TabBarPresenter.swift */; };
		CB06E31027B7D97D0070A7FB /* TabBarAssembly.swift in Sources */ = {isa = PBXBuildFile; fileRef = CB06E2C727B7D97C0070A7FB /* TabBarAssembly.swift */; };
		CB06E31127B7D97D0070A7FB /* TabBarPageModel.swift in Sources */ = {isa = PBXBuildFile; fileRef = CB06E2C927B7D97C0070A7FB /* TabBarPageModel.swift */; };
		CB06E31227B7D97D0070A7FB /* TabBarRouter.swift in Sources */ = {isa = PBXBuildFile; fileRef = CB06E2CA27B7D97C0070A7FB /* TabBarRouter.swift */; };
		CB06E31327B7D97D0070A7FB /* TabBarWorker.swift in Sources */ = {isa = PBXBuildFile; fileRef = CB06E2CB27B7D97C0070A7FB /* TabBarWorker.swift */; };
		CB06E31427B7D97D0070A7FB /* TabBarViewController.swift in Sources */ = {isa = PBXBuildFile; fileRef = CB06E2CC27B7D97C0070A7FB /* TabBarViewController.swift */; };
		CB06E31527B7D97D0070A7FB /* TabBarInMemoryStore.swift in Sources */ = {isa = PBXBuildFile; fileRef = CB06E2CD27B7D97C0070A7FB /* TabBarInMemoryStore.swift */; };
		CB06E31627B7D97D0070A7FB /* TabBarInteractor.swift in Sources */ = {isa = PBXBuildFile; fileRef = CB06E2CE27B7D97C0070A7FB /* TabBarInteractor.swift */; };
		CB06E31727B7D97D0070A7FB /* GetChildViewControllerUseCase.swift in Sources */ = {isa = PBXBuildFile; fileRef = CB06E2D027B7D97C0070A7FB /* GetChildViewControllerUseCase.swift */; };
		CB06E31827B7D97D0070A7FB /* PresentTabBarBadgeViewUseCase.swift in Sources */ = {isa = PBXBuildFile; fileRef = CB06E2D127B7D97C0070A7FB /* PresentTabBarBadgeViewUseCase.swift */; };
		CB06E31927B7D97D0070A7FB /* SelectTabBarUseCase.swift in Sources */ = {isa = PBXBuildFile; fileRef = CB06E2D227B7D97C0070A7FB /* SelectTabBarUseCase.swift */; };
		CB06E31A27B7D97D0070A7FB /* LocationConfigurations.swift in Sources */ = {isa = PBXBuildFile; fileRef = CB06E2D527B7D97C0070A7FB /* LocationConfigurations.swift */; };
		CB06E31B27B7D97D0070A7FB /* LocationService.swift in Sources */ = {isa = PBXBuildFile; fileRef = CB06E2D627B7D97C0070A7FB /* LocationService.swift */; };
		CB06E31C27B7D97D0070A7FB /* ApplicationTransitionCoordinator.swift in Sources */ = {isa = PBXBuildFile; fileRef = CB06E2D827B7D97C0070A7FB /* ApplicationTransitionCoordinator.swift */; };
		CB06E31D27B7D97D0070A7FB /* APIResourceQueryAdapter.swift in Sources */ = {isa = PBXBuildFile; fileRef = CB06E2DA27B7D97C0070A7FB /* APIResourceQueryAdapter.swift */; };
		CB06E31E27B7D97D0070A7FB /* APIService.swift in Sources */ = {isa = PBXBuildFile; fileRef = CB06E2DB27B7D97C0070A7FB /* APIService.swift */; };
		CB06E31F27B7D97D0070A7FB /* APIServiceError.swift in Sources */ = {isa = PBXBuildFile; fileRef = CB06E2DC27B7D97C0070A7FB /* APIServiceError.swift */; };
		CB06E32027B7D97D0070A7FB /* APIResourceResponseAdapter.swift in Sources */ = {isa = PBXBuildFile; fileRef = CB06E2DD27B7D97C0070A7FB /* APIResourceResponseAdapter.swift */; };
		CB06E32127B7D97D0070A7FB /* APIConfigurations.swift in Sources */ = {isa = PBXBuildFile; fileRef = CB06E2DE27B7D97C0070A7FB /* APIConfigurations.swift */; };
		CB06E33727B7D97D0070A7FB /* LaunchManager+Startup.swift in Sources */ = {isa = PBXBuildFile; fileRef = CB06E2FA27B7D97C0070A7FB /* LaunchManager+Startup.swift */; };
		CB06E33827B7D97D0070A7FB /* LaunchManager.swift in Sources */ = {isa = PBXBuildFile; fileRef = CB06E2FB27B7D97C0070A7FB /* LaunchManager.swift */; };
		CB06E33A27B7D97D0070A7FB /* FontSet.swift in Sources */ = {isa = PBXBuildFile; fileRef = CB06E2FF27B7D97C0070A7FB /* FontSet.swift */; };
		CB06E33B27B7D97D0070A7FB /* AppImageSet.swift in Sources */ = {isa = PBXBuildFile; fileRef = CB06E30027B7D97C0070A7FB /* AppImageSet.swift */; };
		CB06E33C27B7D97D0070A7FB /* ColorSet.swift in Sources */ = {isa = PBXBuildFile; fileRef = CB06E30127B7D97C0070A7FB /* ColorSet.swift */; };
		CB06E33D27B7D97D0070A7FB /* DependencyResolver.swift in Sources */ = {isa = PBXBuildFile; fileRef = CB06E30327B7D97C0070A7FB /* DependencyResolver.swift */; };
		CB06E33E27B7D97D0070A7FB /* AppTokenService.swift in Sources */ = {isa = PBXBuildFile; fileRef = CB06E30527B7D97C0070A7FB /* AppTokenService.swift */; };
		CB06E34527B7DC0A0070A7FB /* HomePresenter.swift in Sources */ = {isa = PBXBuildFile; fileRef = CB06E33F27B7DC090070A7FB /* HomePresenter.swift */; };
		CB06E34627B7DC0A0070A7FB /* HomeWorker.swift in Sources */ = {isa = PBXBuildFile; fileRef = CB06E34027B7DC090070A7FB /* HomeWorker.swift */; };
		CB06E34727B7DC0A0070A7FB /* HomeRouter.swift in Sources */ = {isa = PBXBuildFile; fileRef = CB06E34127B7DC0A0070A7FB /* HomeRouter.swift */; };
		CB06E34827B7DC0A0070A7FB /* HomeRemoteStore.swift in Sources */ = {isa = PBXBuildFile; fileRef = CB06E34227B7DC0A0070A7FB /* HomeRemoteStore.swift */; };
		CB06E34927B7DC0A0070A7FB /* HomeAssembly.swift in Sources */ = {isa = PBXBuildFile; fileRef = CB06E34327B7DC0A0070A7FB /* HomeAssembly.swift */; };
		CB06E34A27B7DC0A0070A7FB /* HomeInteractor.swift in Sources */ = {isa = PBXBuildFile; fileRef = CB06E34427B7DC0A0070A7FB /* HomeInteractor.swift */; };
		CB06E34C27B7DCA60070A7FB /* Commerce.strings in Resources */ = {isa = PBXBuildFile; fileRef = CB06E34B27B7DCA60070A7FB /* Commerce.strings */; };
		CB06E35827B7DCB10070A7FB /* Inter-Medium.ttf in Resources */ = {isa = PBXBuildFile; fileRef = CB06E34F27B7DCB10070A7FB /* Inter-Medium.ttf */; };
		CB06E35927B7DCB10070A7FB /* Inter-Light.ttf in Resources */ = {isa = PBXBuildFile; fileRef = CB06E35027B7DCB10070A7FB /* Inter-Light.ttf */; };
		CB06E35A27B7DCB10070A7FB /* Inter-Thin.ttf in Resources */ = {isa = PBXBuildFile; fileRef = CB06E35127B7DCB10070A7FB /* Inter-Thin.ttf */; };
		CB06E35B27B7DCB10070A7FB /* Inter-Bold.ttf in Resources */ = {isa = PBXBuildFile; fileRef = CB06E35227B7DCB10070A7FB /* Inter-Bold.ttf */; };
		CB06E35C27B7DCB10070A7FB /* Inter-Regular.ttf in Resources */ = {isa = PBXBuildFile; fileRef = CB06E35327B7DCB10070A7FB /* Inter-Regular.ttf */; };
		CB06E35D27B7DCB10070A7FB /* Inter-ExtraBold.ttf in Resources */ = {isa = PBXBuildFile; fileRef = CB06E35427B7DCB10070A7FB /* Inter-ExtraBold.ttf */; };
		CB06E35E27B7DCB10070A7FB /* Inter-ExtraLight.ttf in Resources */ = {isa = PBXBuildFile; fileRef = CB06E35527B7DCB10070A7FB /* Inter-ExtraLight.ttf */; };
		CB06E35F27B7DCB10070A7FB /* Inter-Black.ttf in Resources */ = {isa = PBXBuildFile; fileRef = CB06E35627B7DCB10070A7FB /* Inter-Black.ttf */; };
		CB06E36027B7DCB10070A7FB /* Inter-SemiBold.ttf in Resources */ = {isa = PBXBuildFile; fileRef = CB06E35727B7DCB10070A7FB /* Inter-SemiBold.ttf */; };
		CBCBA54627122AAA006C0901 /* ServerErrorResponse.swift in Sources */ = {isa = PBXBuildFile; fileRef = CBCBA54027122AAA006C0901 /* ServerErrorResponse.swift */; };
		CBCBA54727122AAA006C0901 /* SampleResponse.swift in Sources */ = {isa = PBXBuildFile; fileRef = CBCBA54127122AAA006C0901 /* SampleResponse.swift */; };
		CBCBA54C27122B9E006C0901 /* SampleModel.swift in Sources */ = {isa = PBXBuildFile; fileRef = CBCBA54B27122B9E006C0901 /* SampleModel.swift */; };
		CBCBA54E27122BAB006C0901 /* HomeViewController.swift in Sources */ = {isa = PBXBuildFile; fileRef = CBCBA54D27122BAB006C0901 /* HomeViewController.swift */; };
		CBCBA55027122BB5006C0901 /* Home.storyboard in Resources */ = {isa = PBXBuildFile; fileRef = CBCBA54F27122BB5006C0901 /* Home.storyboard */; };
		CBDBAAF4271319170023A1C0 /* iOSBaseUITests.swift in Sources */ = {isa = PBXBuildFile; fileRef = CBDBAAF3271319170023A1C0 /* iOSBaseUITests.swift */; };
		CBDBAAF6271319170023A1C0 /* iOSBaseUITestsLaunchTests.swift in Sources */ = {isa = PBXBuildFile; fileRef = CBDBAAF5271319170023A1C0 /* iOSBaseUITestsLaunchTests.swift */; };
		CBDBAB052713191F0023A1C0 /* iOSBaseTests.swift in Sources */ = {isa = PBXBuildFile; fileRef = CBDBAB042713191F0023A1C0 /* iOSBaseTests.swift */; };
		CBEAB32926FB9BAC00BD82C6 /* AppDelegate.swift in Sources */ = {isa = PBXBuildFile; fileRef = CBEAB2E226FA1BBD00BD82C6 /* AppDelegate.swift */; };
		CBEAB32A26FB9BAC00BD82C6 /* SceneDelegate.swift in Sources */ = {isa = PBXBuildFile; fileRef = CBEAB2E426FA1BBD00BD82C6 /* SceneDelegate.swift */; };
		CBEAB32E26FB9BAC00BD82C6 /* LaunchScreen.storyboard in Resources */ = {isa = PBXBuildFile; fileRef = CBEAB2ED26FA1BBE00BD82C6 /* LaunchScreen.storyboard */; };
		CBEAB32F26FB9BAC00BD82C6 /* Assets.xcassets in Resources */ = {isa = PBXBuildFile; fileRef = CBEAB2EB26FA1BBE00BD82C6 /* Assets.xcassets */; };
/* End PBXBuildFile section */

/* Begin PBXContainerItemProxy section */
		CBDBAAF7271319170023A1C0 /* PBXContainerItemProxy */ = {
			isa = PBXContainerItemProxy;
			containerPortal = CBEAB2D726FA1BBD00BD82C6 /* Project object */;
			proxyType = 1;
			remoteGlobalIDString = CBEAB32526FB9BAC00BD82C6;
			remoteInfo = iOSBase;
		};
		CBDBAB062713191F0023A1C0 /* PBXContainerItemProxy */ = {
			isa = PBXContainerItemProxy;
			containerPortal = CBEAB2D726FA1BBD00BD82C6 /* Project object */;
			proxyType = 1;
			remoteGlobalIDString = CBEAB32526FB9BAC00BD82C6;
			remoteInfo = iOSBase;
		};
/* End PBXContainerItemProxy section */

/* Begin PBXFileReference section */
		1B3ED5FF0133059F277F8098 /* Pods_develop.framework */ = {isa = PBXFileReference; explicitFileType = wrapper.framework; includeInIndex = 0; path = Pods_develop.framework; sourceTree = BUILT_PRODUCTS_DIR; };
		2C9B3EB6EA542747DE57BFCF /* Pods_iOSBaseTests.framework */ = {isa = PBXFileReference; explicitFileType = wrapper.framework; includeInIndex = 0; path = Pods_iOSBaseTests.framework; sourceTree = BUILT_PRODUCTS_DIR; };
		35132846D095D6EC7E2F35D4 /* Pods_staging.framework */ = {isa = PBXFileReference; explicitFileType = wrapper.framework; includeInIndex = 0; path = Pods_staging.framework; sourceTree = BUILT_PRODUCTS_DIR; };
		3F5A73354611ECE982A3CD8B /* Pods_iOSBase.framework */ = {isa = PBXFileReference; explicitFileType = wrapper.framework; includeInIndex = 0; path = Pods_iOSBase.framework; sourceTree = BUILT_PRODUCTS_DIR; };
		420119715946CA85E05D15AA /* Pods-iOSBaseUITests.qa.xcconfig */ = {isa = PBXFileReference; includeInIndex = 1; lastKnownFileType = text.xcconfig; name = "Pods-iOSBaseUITests.qa.xcconfig"; path = "Target Support Files/Pods-iOSBaseUITests/Pods-iOSBaseUITests.qa.xcconfig"; sourceTree = "<group>"; };
		432B7B8529AE0DDECCB0AE51 /* Pods-iOSBaseUITests.production.xcconfig */ = {isa = PBXFileReference; includeInIndex = 1; lastKnownFileType = text.xcconfig; name = "Pods-iOSBaseUITests.production.xcconfig"; path = "Target Support Files/Pods-iOSBaseUITests/Pods-iOSBaseUITests.production.xcconfig"; sourceTree = "<group>"; };
		4880AF8837CD9AA9B4E95D27 /* Pods-iOSBaseTests.ppe.xcconfig */ = {isa = PBXFileReference; includeInIndex = 1; lastKnownFileType = text.xcconfig; name = "Pods-iOSBaseTests.ppe.xcconfig"; path = "Target Support Files/Pods-iOSBaseTests/Pods-iOSBaseTests.ppe.xcconfig"; sourceTree = "<group>"; };
		65887B4667E9131D7A931D73 /* Pods-iOSBase.qa.xcconfig */ = {isa = PBXFileReference; includeInIndex = 1; lastKnownFileType = text.xcconfig; name = "Pods-iOSBase.qa.xcconfig"; path = "Target Support Files/Pods-iOSBase/Pods-iOSBase.qa.xcconfig"; sourceTree = "<group>"; };
		695CABBB0B2DF54CA01BF5D8 /* Pods-iOSBaseTests.development.xcconfig */ = {isa = PBXFileReference; includeInIndex = 1; lastKnownFileType = text.xcconfig; name = "Pods-iOSBaseTests.development.xcconfig"; path = "Target Support Files/Pods-iOSBaseTests/Pods-iOSBaseTests.development.xcconfig"; sourceTree = "<group>"; };
		6CC3D74B8085093C6B36DA1E /* Pods-iOSBaseUITests.ppe.xcconfig */ = {isa = PBXFileReference; includeInIndex = 1; lastKnownFileType = text.xcconfig; name = "Pods-iOSBaseUITests.ppe.xcconfig"; path = "Target Support Files/Pods-iOSBaseUITests/Pods-iOSBaseUITests.ppe.xcconfig"; sourceTree = "<group>"; };
		7E6360C45E5CF88F1F9DBC76 /* Pods-iOSBase.development.xcconfig */ = {isa = PBXFileReference; includeInIndex = 1; lastKnownFileType = text.xcconfig; name = "Pods-iOSBase.development.xcconfig"; path = "Target Support Files/Pods-iOSBase/Pods-iOSBase.development.xcconfig"; sourceTree = "<group>"; };
		846DD702E37556337827D5A1 /* Pods-iOSBaseTests.qa.xcconfig */ = {isa = PBXFileReference; includeInIndex = 1; lastKnownFileType = text.xcconfig; name = "Pods-iOSBaseTests.qa.xcconfig"; path = "Target Support Files/Pods-iOSBaseTests/Pods-iOSBaseTests.qa.xcconfig"; sourceTree = "<group>"; };
		8AA1B33E742757D44D876F8E /* Pods-iOSBase.production.xcconfig */ = {isa = PBXFileReference; includeInIndex = 1; lastKnownFileType = text.xcconfig; name = "Pods-iOSBase.production.xcconfig"; path = "Target Support Files/Pods-iOSBase/Pods-iOSBase.production.xcconfig"; sourceTree = "<group>"; };
		995C2529E52EF556E7F67CAC /* Pods_iOSBaseUITests.framework */ = {isa = PBXFileReference; explicitFileType = wrapper.framework; includeInIndex = 0; path = Pods_iOSBaseUITests.framework; sourceTree = BUILT_PRODUCTS_DIR; };
		B4D9A08E665DE28A1FF97BCF /* Pods-iOSBase.ppe.xcconfig */ = {isa = PBXFileReference; includeInIndex = 1; lastKnownFileType = text.xcconfig; name = "Pods-iOSBase.ppe.xcconfig"; path = "Target Support Files/Pods-iOSBase/Pods-iOSBase.ppe.xcconfig"; sourceTree = "<group>"; };
		CB06E2BB27B7D97C0070A7FB /* SplashRemoteStore.swift */ = {isa = PBXFileReference; fileEncoding = 4; lastKnownFileType = sourcecode.swift; path = SplashRemoteStore.swift; sourceTree = "<group>"; };
		CB06E2BC27B7D97C0070A7FB /* SplashViewController.swift */ = {isa = PBXFileReference; fileEncoding = 4; lastKnownFileType = sourcecode.swift; path = SplashViewController.swift; sourceTree = "<group>"; };
		CB06E2BD27B7D97C0070A7FB /* SplashPresenter.swift */ = {isa = PBXFileReference; fileEncoding = 4; lastKnownFileType = sourcecode.swift; path = SplashPresenter.swift; sourceTree = "<group>"; };
		CB06E2BE27B7D97C0070A7FB /* SplashWorker.swift */ = {isa = PBXFileReference; fileEncoding = 4; lastKnownFileType = sourcecode.swift; path = SplashWorker.swift; sourceTree = "<group>"; };
		CB06E2BF27B7D97C0070A7FB /* SplashRouter.swift */ = {isa = PBXFileReference; fileEncoding = 4; lastKnownFileType = sourcecode.swift; path = SplashRouter.swift; sourceTree = "<group>"; };
		CB06E2C027B7D97C0070A7FB /* SplashInteractor.swift */ = {isa = PBXFileReference; fileEncoding = 4; lastKnownFileType = sourcecode.swift; path = SplashInteractor.swift; sourceTree = "<group>"; };
		CB06E2C127B7D97C0070A7FB /* Splash.storyboard */ = {isa = PBXFileReference; fileEncoding = 4; lastKnownFileType = file.storyboard; path = Splash.storyboard; sourceTree = "<group>"; };
		CB06E2C227B7D97C0070A7FB /* SplashAssembly.swift */ = {isa = PBXFileReference; fileEncoding = 4; lastKnownFileType = sourcecode.swift; path = SplashAssembly.swift; sourceTree = "<group>"; };
		CB06E2C427B7D97C0070A7FB /* CheckAuthenticationUseCase.swift */ = {isa = PBXFileReference; fileEncoding = 4; lastKnownFileType = sourcecode.swift; path = CheckAuthenticationUseCase.swift; sourceTree = "<group>"; };
		CB06E2C627B7D97C0070A7FB /* TabBarPresenter.swift */ = {isa = PBXFileReference; fileEncoding = 4; lastKnownFileType = sourcecode.swift; path = TabBarPresenter.swift; sourceTree = "<group>"; };
		CB06E2C727B7D97C0070A7FB /* TabBarAssembly.swift */ = {isa = PBXFileReference; fileEncoding = 4; lastKnownFileType = sourcecode.swift; path = TabBarAssembly.swift; sourceTree = "<group>"; };
		CB06E2C927B7D97C0070A7FB /* TabBarPageModel.swift */ = {isa = PBXFileReference; fileEncoding = 4; lastKnownFileType = sourcecode.swift; path = TabBarPageModel.swift; sourceTree = "<group>"; };
		CB06E2CA27B7D97C0070A7FB /* TabBarRouter.swift */ = {isa = PBXFileReference; fileEncoding = 4; lastKnownFileType = sourcecode.swift; path = TabBarRouter.swift; sourceTree = "<group>"; };
		CB06E2CB27B7D97C0070A7FB /* TabBarWorker.swift */ = {isa = PBXFileReference; fileEncoding = 4; lastKnownFileType = sourcecode.swift; path = TabBarWorker.swift; sourceTree = "<group>"; };
		CB06E2CC27B7D97C0070A7FB /* TabBarViewController.swift */ = {isa = PBXFileReference; fileEncoding = 4; lastKnownFileType = sourcecode.swift; path = TabBarViewController.swift; sourceTree = "<group>"; };
		CB06E2CD27B7D97C0070A7FB /* TabBarInMemoryStore.swift */ = {isa = PBXFileReference; fileEncoding = 4; lastKnownFileType = sourcecode.swift; path = TabBarInMemoryStore.swift; sourceTree = "<group>"; };
		CB06E2CE27B7D97C0070A7FB /* TabBarInteractor.swift */ = {isa = PBXFileReference; fileEncoding = 4; lastKnownFileType = sourcecode.swift; path = TabBarInteractor.swift; sourceTree = "<group>"; };
		CB06E2D027B7D97C0070A7FB /* GetChildViewControllerUseCase.swift */ = {isa = PBXFileReference; fileEncoding = 4; lastKnownFileType = sourcecode.swift; path = GetChildViewControllerUseCase.swift; sourceTree = "<group>"; };
		CB06E2D127B7D97C0070A7FB /* PresentTabBarBadgeViewUseCase.swift */ = {isa = PBXFileReference; fileEncoding = 4; lastKnownFileType = sourcecode.swift; path = PresentTabBarBadgeViewUseCase.swift; sourceTree = "<group>"; };
		CB06E2D227B7D97C0070A7FB /* SelectTabBarUseCase.swift */ = {isa = PBXFileReference; fileEncoding = 4; lastKnownFileType = sourcecode.swift; path = SelectTabBarUseCase.swift; sourceTree = "<group>"; };
		CB06E2D527B7D97C0070A7FB /* LocationConfigurations.swift */ = {isa = PBXFileReference; fileEncoding = 4; lastKnownFileType = sourcecode.swift; path = LocationConfigurations.swift; sourceTree = "<group>"; };
		CB06E2D627B7D97C0070A7FB /* LocationService.swift */ = {isa = PBXFileReference; fileEncoding = 4; lastKnownFileType = sourcecode.swift; path = LocationService.swift; sourceTree = "<group>"; };
		CB06E2D827B7D97C0070A7FB /* ApplicationTransitionCoordinator.swift */ = {isa = PBXFileReference; fileEncoding = 4; lastKnownFileType = sourcecode.swift; path = ApplicationTransitionCoordinator.swift; sourceTree = "<group>"; };
		CB06E2DA27B7D97C0070A7FB /* APIResourceQueryAdapter.swift */ = {isa = PBXFileReference; fileEncoding = 4; lastKnownFileType = sourcecode.swift; path = APIResourceQueryAdapter.swift; sourceTree = "<group>"; };
		CB06E2DB27B7D97C0070A7FB /* APIService.swift */ = {isa = PBXFileReference; fileEncoding = 4; lastKnownFileType = sourcecode.swift; path = APIService.swift; sourceTree = "<group>"; };
		CB06E2DC27B7D97C0070A7FB /* APIServiceError.swift */ = {isa = PBXFileReference; fileEncoding = 4; lastKnownFileType = sourcecode.swift; path = APIServiceError.swift; sourceTree = "<group>"; };
		CB06E2DD27B7D97C0070A7FB /* APIResourceResponseAdapter.swift */ = {isa = PBXFileReference; fileEncoding = 4; lastKnownFileType = sourcecode.swift; path = APIResourceResponseAdapter.swift; sourceTree = "<group>"; };
		CB06E2DE27B7D97C0070A7FB /* APIConfigurations.swift */ = {isa = PBXFileReference; fileEncoding = 4; lastKnownFileType = sourcecode.swift; path = APIConfigurations.swift; sourceTree = "<group>"; };
		CB06E2FA27B7D97C0070A7FB /* LaunchManager+Startup.swift */ = {isa = PBXFileReference; fileEncoding = 4; lastKnownFileType = sourcecode.swift; path = "LaunchManager+Startup.swift"; sourceTree = "<group>"; };
		CB06E2FB27B7D97C0070A7FB /* LaunchManager.swift */ = {isa = PBXFileReference; fileEncoding = 4; lastKnownFileType = sourcecode.swift; path = LaunchManager.swift; sourceTree = "<group>"; };
		CB06E2FF27B7D97C0070A7FB /* FontSet.swift */ = {isa = PBXFileReference; fileEncoding = 4; lastKnownFileType = sourcecode.swift; path = FontSet.swift; sourceTree = "<group>"; };
		CB06E30027B7D97C0070A7FB /* AppImageSet.swift */ = {isa = PBXFileReference; fileEncoding = 4; lastKnownFileType = sourcecode.swift; path = AppImageSet.swift; sourceTree = "<group>"; };
		CB06E30127B7D97C0070A7FB /* ColorSet.swift */ = {isa = PBXFileReference; fileEncoding = 4; lastKnownFileType = sourcecode.swift; path = ColorSet.swift; sourceTree = "<group>"; };
		CB06E30327B7D97C0070A7FB /* DependencyResolver.swift */ = {isa = PBXFileReference; fileEncoding = 4; lastKnownFileType = sourcecode.swift; path = DependencyResolver.swift; sourceTree = "<group>"; };
		CB06E30527B7D97C0070A7FB /* AppTokenService.swift */ = {isa = PBXFileReference; fileEncoding = 4; lastKnownFileType = sourcecode.swift; path = AppTokenService.swift; sourceTree = "<group>"; };
		CB06E33F27B7DC090070A7FB /* HomePresenter.swift */ = {isa = PBXFileReference; lastKnownFileType = sourcecode.swift; path = HomePresenter.swift; sourceTree = "<group>"; };
		CB06E34027B7DC090070A7FB /* HomeWorker.swift */ = {isa = PBXFileReference; lastKnownFileType = sourcecode.swift; path = HomeWorker.swift; sourceTree = "<group>"; };
		CB06E34127B7DC0A0070A7FB /* HomeRouter.swift */ = {isa = PBXFileReference; lastKnownFileType = sourcecode.swift; path = HomeRouter.swift; sourceTree = "<group>"; };
		CB06E34227B7DC0A0070A7FB /* HomeRemoteStore.swift */ = {isa = PBXFileReference; lastKnownFileType = sourcecode.swift; path = HomeRemoteStore.swift; sourceTree = "<group>"; };
		CB06E34327B7DC0A0070A7FB /* HomeAssembly.swift */ = {isa = PBXFileReference; lastKnownFileType = sourcecode.swift; path = HomeAssembly.swift; sourceTree = "<group>"; };
		CB06E34427B7DC0A0070A7FB /* HomeInteractor.swift */ = {isa = PBXFileReference; lastKnownFileType = sourcecode.swift; path = HomeInteractor.swift; sourceTree = "<group>"; };
		CB06E34B27B7DCA60070A7FB /* Commerce.strings */ = {isa = PBXFileReference; fileEncoding = 4; lastKnownFileType = text.plist.strings; path = Commerce.strings; sourceTree = "<group>"; };
		CB06E34F27B7DCB10070A7FB /* Inter-Medium.ttf */ = {isa = PBXFileReference; lastKnownFileType = file; path = "Inter-Medium.ttf"; sourceTree = "<group>"; };
		CB06E35027B7DCB10070A7FB /* Inter-Light.ttf */ = {isa = PBXFileReference; lastKnownFileType = file; path = "Inter-Light.ttf"; sourceTree = "<group>"; };
		CB06E35127B7DCB10070A7FB /* Inter-Thin.ttf */ = {isa = PBXFileReference; lastKnownFileType = file; path = "Inter-Thin.ttf"; sourceTree = "<group>"; };
		CB06E35227B7DCB10070A7FB /* Inter-Bold.ttf */ = {isa = PBXFileReference; lastKnownFileType = file; path = "Inter-Bold.ttf"; sourceTree = "<group>"; };
		CB06E35327B7DCB10070A7FB /* Inter-Regular.ttf */ = {isa = PBXFileReference; lastKnownFileType = file; path = "Inter-Regular.ttf"; sourceTree = "<group>"; };
		CB06E35427B7DCB10070A7FB /* Inter-ExtraBold.ttf */ = {isa = PBXFileReference; lastKnownFileType = file; path = "Inter-ExtraBold.ttf"; sourceTree = "<group>"; };
		CB06E35527B7DCB10070A7FB /* Inter-ExtraLight.ttf */ = {isa = PBXFileReference; lastKnownFileType = file; path = "Inter-ExtraLight.ttf"; sourceTree = "<group>"; };
		CB06E35627B7DCB10070A7FB /* Inter-Black.ttf */ = {isa = PBXFileReference; lastKnownFileType = file; path = "Inter-Black.ttf"; sourceTree = "<group>"; };
		CB06E35727B7DCB10070A7FB /* Inter-SemiBold.ttf */ = {isa = PBXFileReference; lastKnownFileType = file; path = "Inter-SemiBold.ttf"; sourceTree = "<group>"; };
		CBCBA54027122AAA006C0901 /* ServerErrorResponse.swift */ = {isa = PBXFileReference; fileEncoding = 4; lastKnownFileType = sourcecode.swift; path = ServerErrorResponse.swift; sourceTree = "<group>"; };
		CBCBA54127122AAA006C0901 /* SampleResponse.swift */ = {isa = PBXFileReference; fileEncoding = 4; lastKnownFileType = sourcecode.swift; path = SampleResponse.swift; sourceTree = "<group>"; };
		CBCBA54B27122B9E006C0901 /* SampleModel.swift */ = {isa = PBXFileReference; fileEncoding = 4; lastKnownFileType = sourcecode.swift; path = SampleModel.swift; sourceTree = "<group>"; };
		CBCBA54D27122BAB006C0901 /* HomeViewController.swift */ = {isa = PBXFileReference; fileEncoding = 4; lastKnownFileType = sourcecode.swift; path = HomeViewController.swift; sourceTree = "<group>"; };
		CBCBA54F27122BB5006C0901 /* Home.storyboard */ = {isa = PBXFileReference; fileEncoding = 4; lastKnownFileType = file.storyboard; path = Home.storyboard; sourceTree = "<group>"; };
		CBDBAAF1271319170023A1C0 /* iOSBaseUITests.xctest */ = {isa = PBXFileReference; explicitFileType = wrapper.cfbundle; includeInIndex = 0; path = iOSBaseUITests.xctest; sourceTree = BUILT_PRODUCTS_DIR; };
		CBDBAAF3271319170023A1C0 /* iOSBaseUITests.swift */ = {isa = PBXFileReference; lastKnownFileType = sourcecode.swift; path = iOSBaseUITests.swift; sourceTree = "<group>"; };
		CBDBAAF5271319170023A1C0 /* iOSBaseUITestsLaunchTests.swift */ = {isa = PBXFileReference; lastKnownFileType = sourcecode.swift; path = iOSBaseUITestsLaunchTests.swift; sourceTree = "<group>"; };
		CBDBAB022713191F0023A1C0 /* iOSBaseTests.xctest */ = {isa = PBXFileReference; explicitFileType = wrapper.cfbundle; includeInIndex = 0; path = iOSBaseTests.xctest; sourceTree = BUILT_PRODUCTS_DIR; };
		CBDBAB042713191F0023A1C0 /* iOSBaseTests.swift */ = {isa = PBXFileReference; lastKnownFileType = sourcecode.swift; path = iOSBaseTests.swift; sourceTree = "<group>"; };
		CBEAB2E226FA1BBD00BD82C6 /* AppDelegate.swift */ = {isa = PBXFileReference; lastKnownFileType = sourcecode.swift; path = AppDelegate.swift; sourceTree = "<group>"; };
		CBEAB2E426FA1BBD00BD82C6 /* SceneDelegate.swift */ = {isa = PBXFileReference; lastKnownFileType = sourcecode.swift; path = SceneDelegate.swift; sourceTree = "<group>"; };
		CBEAB2EB26FA1BBE00BD82C6 /* Assets.xcassets */ = {isa = PBXFileReference; lastKnownFileType = folder.assetcatalog; path = Assets.xcassets; sourceTree = "<group>"; };
		CBEAB2EE26FA1BBE00BD82C6 /* Base */ = {isa = PBXFileReference; lastKnownFileType = file.storyboard; name = Base; path = Base.lproj/LaunchScreen.storyboard; sourceTree = "<group>"; };
		CBEAB2F026FA1BBE00BD82C6 /* Info.plist */ = {isa = PBXFileReference; lastKnownFileType = text.plist.xml; path = Info.plist; sourceTree = "<group>"; };
		CBEAB33526FB9BAC00BD82C6 /* iOSBase.app */ = {isa = PBXFileReference; explicitFileType = wrapper.application; includeInIndex = 0; path = iOSBase.app; sourceTree = BUILT_PRODUCTS_DIR; };
		D20C31B2FBE977B821FF863F /* Pods-iOSBaseTests.production.xcconfig */ = {isa = PBXFileReference; includeInIndex = 1; lastKnownFileType = text.xcconfig; name = "Pods-iOSBaseTests.production.xcconfig"; path = "Target Support Files/Pods-iOSBaseTests/Pods-iOSBaseTests.production.xcconfig"; sourceTree = "<group>"; };
		E57A955C973AD3ED9C40CEE2 /* Pods-iOSBaseUITests.development.xcconfig */ = {isa = PBXFileReference; includeInIndex = 1; lastKnownFileType = text.xcconfig; name = "Pods-iOSBaseUITests.development.xcconfig"; path = "Target Support Files/Pods-iOSBaseUITests/Pods-iOSBaseUITests.development.xcconfig"; sourceTree = "<group>"; };
/* End PBXFileReference section */

/* Begin PBXFrameworksBuildPhase section */
		CBDBAAEE271319170023A1C0 /* Frameworks */ = {
			isa = PBXFrameworksBuildPhase;
			buildActionMask = 2147483647;
			files = (
				68CD5E7454EDB387F4894155 /* Pods_iOSBaseUITests.framework in Frameworks */,
			);
			runOnlyForDeploymentPostprocessing = 0;
		};
		CBDBAAFF2713191F0023A1C0 /* Frameworks */ = {
			isa = PBXFrameworksBuildPhase;
			buildActionMask = 2147483647;
			files = (
				C3C54E694235B803D480216C /* Pods_iOSBaseTests.framework in Frameworks */,
			);
			runOnlyForDeploymentPostprocessing = 0;
		};
		CBEAB32B26FB9BAC00BD82C6 /* Frameworks */ = {
			isa = PBXFrameworksBuildPhase;
			buildActionMask = 2147483647;
			files = (
				7F4A355FCFDF005DFF0EADA9 /* Pods_iOSBase.framework in Frameworks */,
			);
			runOnlyForDeploymentPostprocessing = 0;
		};
/* End PBXFrameworksBuildPhase section */

/* Begin PBXGroup section */
		582D35E666E88A6C15F2D6B1 /* Frameworks */ = {
			isa = PBXGroup;
			children = (
				2C9B3EB6EA542747DE57BFCF /* Pods_iOSBaseTests.framework */,
				995C2529E52EF556E7F67CAC /* Pods_iOSBaseUITests.framework */,
				1B3ED5FF0133059F277F8098 /* Pods_develop.framework */,
				35132846D095D6EC7E2F35D4 /* Pods_staging.framework */,
				3F5A73354611ECE982A3CD8B /* Pods_iOSBase.framework */,
			);
			name = Frameworks;
			sourceTree = "<group>";
		};
		CB06E2B927B7D97C0070A7FB /* Scenes */ = {
			isa = PBXGroup;
			children = (
				CBCBA54927122B9E006C0901 /* Home */,
				CB06E2BA27B7D97C0070A7FB /* Splash */,
				CB06E2C527B7D97C0070A7FB /* TabBar */,
			);
			path = Scenes;
			sourceTree = "<group>";
		};
		CB06E2BA27B7D97C0070A7FB /* Splash */ = {
			isa = PBXGroup;
			children = (
				CB06E2BB27B7D97C0070A7FB /* SplashRemoteStore.swift */,
				CB06E2BC27B7D97C0070A7FB /* SplashViewController.swift */,
				CB06E2BD27B7D97C0070A7FB /* SplashPresenter.swift */,
				CB06E2BE27B7D97C0070A7FB /* SplashWorker.swift */,
				CB06E2BF27B7D97C0070A7FB /* SplashRouter.swift */,
				CB06E2C027B7D97C0070A7FB /* SplashInteractor.swift */,
				CB06E2C127B7D97C0070A7FB /* Splash.storyboard */,
				CB06E2C227B7D97C0070A7FB /* SplashAssembly.swift */,
				CB06E2C327B7D97C0070A7FB /* UseCases */,
			);
			path = Splash;
			sourceTree = "<group>";
		};
		CB06E2C327B7D97C0070A7FB /* UseCases */ = {
			isa = PBXGroup;
			children = (
				CB06E2C427B7D97C0070A7FB /* CheckAuthenticationUseCase.swift */,
			);
			path = UseCases;
			sourceTree = "<group>";
		};
		CB06E2C527B7D97C0070A7FB /* TabBar */ = {
			isa = PBXGroup;
			children = (
				CB06E2C627B7D97C0070A7FB /* TabBarPresenter.swift */,
				CB06E2C727B7D97C0070A7FB /* TabBarAssembly.swift */,
				CB06E2C827B7D97C0070A7FB /* Models */,
				CB06E2CA27B7D97C0070A7FB /* TabBarRouter.swift */,
				CB06E2CB27B7D97C0070A7FB /* TabBarWorker.swift */,
				CB06E2CC27B7D97C0070A7FB /* TabBarViewController.swift */,
				CB06E2CD27B7D97C0070A7FB /* TabBarInMemoryStore.swift */,
				CB06E2CE27B7D97C0070A7FB /* TabBarInteractor.swift */,
				CB06E2CF27B7D97C0070A7FB /* UseCases */,
			);
			path = TabBar;
			sourceTree = "<group>";
		};
		CB06E2C827B7D97C0070A7FB /* Models */ = {
			isa = PBXGroup;
			children = (
				CB06E2C927B7D97C0070A7FB /* TabBarPageModel.swift */,
			);
			path = Models;
			sourceTree = "<group>";
		};
		CB06E2CF27B7D97C0070A7FB /* UseCases */ = {
			isa = PBXGroup;
			children = (
				CB06E2D027B7D97C0070A7FB /* GetChildViewControllerUseCase.swift */,
				CB06E2D127B7D97C0070A7FB /* PresentTabBarBadgeViewUseCase.swift */,
				CB06E2D227B7D97C0070A7FB /* SelectTabBarUseCase.swift */,
			);
			path = UseCases;
			sourceTree = "<group>";
		};
		CB06E2D327B7D97C0070A7FB /* App */ = {
			isa = PBXGroup;
			children = (
				CB06E2D427B7D97C0070A7FB /* Location */,
				CB06E2D727B7D97C0070A7FB /* Assembly */,
				CB06E2D927B7D97C0070A7FB /* Networking */,
				CB06E2F927B7D97C0070A7FB /* LaunchManager */,
				CB06E2FE27B7D97C0070A7FB /* Theme */,
				CB06E30227B7D97C0070A7FB /* DependencyResolver */,
				CB06E30427B7D97C0070A7FB /* Authentication */,
			);
			path = App;
			sourceTree = "<group>";
		};
		CB06E2D427B7D97C0070A7FB /* Location */ = {
			isa = PBXGroup;
			children = (
				CB06E2D527B7D97C0070A7FB /* LocationConfigurations.swift */,
				CB06E2D627B7D97C0070A7FB /* LocationService.swift */,
			);
			path = Location;
			sourceTree = "<group>";
		};
		CB06E2D727B7D97C0070A7FB /* Assembly */ = {
			isa = PBXGroup;
			children = (
				CB06E2D827B7D97C0070A7FB /* ApplicationTransitionCoordinator.swift */,
			);
			path = Assembly;
			sourceTree = "<group>";
		};
		CB06E2D927B7D97C0070A7FB /* Networking */ = {
			isa = PBXGroup;
			children = (
				CB06E2DA27B7D97C0070A7FB /* APIResourceQueryAdapter.swift */,
				CB06E2DB27B7D97C0070A7FB /* APIService.swift */,
				CB06E2DC27B7D97C0070A7FB /* APIServiceError.swift */,
				CB06E2DD27B7D97C0070A7FB /* APIResourceResponseAdapter.swift */,
				CB06E2DE27B7D97C0070A7FB /* APIConfigurations.swift */,
				CB06E2DF27B7D97C0070A7FB /* Entities */,
			);
			path = Networking;
			sourceTree = "<group>";
		};
		CB06E2DF27B7D97C0070A7FB /* Entities */ = {
			isa = PBXGroup;
			children = (
				CBCBA54027122AAA006C0901 /* ServerErrorResponse.swift */,
				CBCBA54127122AAA006C0901 /* SampleResponse.swift */,
			);
			path = Entities;
			sourceTree = "<group>";
		};
		CB06E2F927B7D97C0070A7FB /* LaunchManager */ = {
			isa = PBXGroup;
			children = (
				CB06E2FA27B7D97C0070A7FB /* LaunchManager+Startup.swift */,
				CB06E2FB27B7D97C0070A7FB /* LaunchManager.swift */,
			);
			path = LaunchManager;
			sourceTree = "<group>";
		};
		CB06E2FE27B7D97C0070A7FB /* Theme */ = {
			isa = PBXGroup;
			children = (
				CB06E2FF27B7D97C0070A7FB /* FontSet.swift */,
				CB06E30027B7D97C0070A7FB /* AppImageSet.swift */,
				CB06E30127B7D97C0070A7FB /* ColorSet.swift */,
			);
			path = Theme;
			sourceTree = "<group>";
		};
		CB06E30227B7D97C0070A7FB /* DependencyResolver */ = {
			isa = PBXGroup;
			children = (
				CB06E30327B7D97C0070A7FB /* DependencyResolver.swift */,
			);
			path = DependencyResolver;
			sourceTree = "<group>";
		};
		CB06E30427B7D97C0070A7FB /* Authentication */ = {
			isa = PBXGroup;
			children = (
				CB06E30527B7D97C0070A7FB /* AppTokenService.swift */,
			);
			path = Authentication;
			sourceTree = "<group>";
		};
		CB06E34D27B7DCB10070A7FB /* Fonts */ = {
			isa = PBXGroup;
			children = (
				CB06E34E27B7DCB10070A7FB /* Inter */,
			);
			path = Fonts;
			sourceTree = "<group>";
		};
		CB06E34E27B7DCB10070A7FB /* Inter */ = {
			isa = PBXGroup;
			children = (
				CB06E34F27B7DCB10070A7FB /* Inter-Medium.ttf */,
				CB06E35027B7DCB10070A7FB /* Inter-Light.ttf */,
				CB06E35127B7DCB10070A7FB /* Inter-Thin.ttf */,
				CB06E35227B7DCB10070A7FB /* Inter-Bold.ttf */,
				CB06E35327B7DCB10070A7FB /* Inter-Regular.ttf */,
				CB06E35427B7DCB10070A7FB /* Inter-ExtraBold.ttf */,
				CB06E35527B7DCB10070A7FB /* Inter-ExtraLight.ttf */,
				CB06E35627B7DCB10070A7FB /* Inter-Black.ttf */,
				CB06E35727B7DCB10070A7FB /* Inter-SemiBold.ttf */,
			);
			path = Inter;
			sourceTree = "<group>";
		};
		CBB49E722706E7DA0043B128 /* AppConfiguration */ = {
			isa = PBXGroup;
			children = (
				CBEAB2E226FA1BBD00BD82C6 /* AppDelegate.swift */,
				CBEAB2E426FA1BBD00BD82C6 /* SceneDelegate.swift */,
				CBEAB2F026FA1BBE00BD82C6 /* Info.plist */,
				CBEAB2ED26FA1BBE00BD82C6 /* LaunchScreen.storyboard */,
			);
			path = AppConfiguration;
			sourceTree = "<group>";
		};
		CBB49E732706E7E90043B128 /* Resources */ = {
			isa = PBXGroup;
			children = (
				CB06E34D27B7DCB10070A7FB /* Fonts */,
				CB06E34B27B7DCA60070A7FB /* Commerce.strings */,
				CBEAB2EB26FA1BBE00BD82C6 /* Assets.xcassets */,
			);
			path = Resources;
			sourceTree = "<group>";
		};
		CBCBA54927122B9E006C0901 /* Home */ = {
			isa = PBXGroup;
			children = (
				CBCBA54D27122BAB006C0901 /* HomeViewController.swift */,
				CBCBA54F27122BB5006C0901 /* Home.storyboard */,
				CBCBA54A27122B9E006C0901 /* Models */,
				CB06E33F27B7DC090070A7FB /* HomePresenter.swift */,
				CB06E34027B7DC090070A7FB /* HomeWorker.swift */,
				CB06E34127B7DC0A0070A7FB /* HomeRouter.swift */,
				CB06E34227B7DC0A0070A7FB /* HomeRemoteStore.swift */,
				CB06E34327B7DC0A0070A7FB /* HomeAssembly.swift */,
				CB06E34427B7DC0A0070A7FB /* HomeInteractor.swift */,
			);
			path = Home;
			sourceTree = "<group>";
		};
		CBCBA54A27122B9E006C0901 /* Models */ = {
			isa = PBXGroup;
			children = (
				CBCBA54B27122B9E006C0901 /* SampleModel.swift */,
			);
			path = Models;
			sourceTree = "<group>";
		};
		CBDBAAF2271319170023A1C0 /* iOSBaseUITests */ = {
			isa = PBXGroup;
			children = (
				CBDBAAF3271319170023A1C0 /* iOSBaseUITests.swift */,
				CBDBAAF5271319170023A1C0 /* iOSBaseUITestsLaunchTests.swift */,
			);
			path = iOSBaseUITests;
			sourceTree = "<group>";
		};
		CBDBAB032713191F0023A1C0 /* iOSBaseTests */ = {
			isa = PBXGroup;
			children = (
				CBDBAB042713191F0023A1C0 /* iOSBaseTests.swift */,
			);
			path = iOSBaseTests;
			sourceTree = "<group>";
		};
		CBEAB2D626FA1BBD00BD82C6 = {
			isa = PBXGroup;
			children = (
				CBEAB2E126FA1BBD00BD82C6 /* iOSBase */,
				CBDBAAF2271319170023A1C0 /* iOSBaseUITests */,
				CBDBAB032713191F0023A1C0 /* iOSBaseTests */,
				CBEAB2E026FA1BBD00BD82C6 /* Products */,
				E704EC004D7EF44BE4CF7ED6 /* Pods */,
				582D35E666E88A6C15F2D6B1 /* Frameworks */,
			);
			sourceTree = "<group>";
		};
		CBEAB2E026FA1BBD00BD82C6 /* Products */ = {
			isa = PBXGroup;
			children = (
				CBEAB33526FB9BAC00BD82C6 /* iOSBase.app */,
				CBDBAAF1271319170023A1C0 /* iOSBaseUITests.xctest */,
				CBDBAB022713191F0023A1C0 /* iOSBaseTests.xctest */,
			);
			name = Products;
			sourceTree = "<group>";
		};
		CBEAB2E126FA1BBD00BD82C6 /* iOSBase */ = {
			isa = PBXGroup;
			children = (
				CB06E2D327B7D97C0070A7FB /* App */,
				CB06E2B927B7D97C0070A7FB /* Scenes */,
				CBB49E732706E7E90043B128 /* Resources */,
				CBB49E722706E7DA0043B128 /* AppConfiguration */,
			);
			path = iOSBase;
			sourceTree = "<group>";
		};
		E704EC004D7EF44BE4CF7ED6 /* Pods */ = {
			isa = PBXGroup;
			children = (
				7E6360C45E5CF88F1F9DBC76 /* Pods-iOSBase.development.xcconfig */,
				65887B4667E9131D7A931D73 /* Pods-iOSBase.qa.xcconfig */,
				8AA1B33E742757D44D876F8E /* Pods-iOSBase.production.xcconfig */,
				695CABBB0B2DF54CA01BF5D8 /* Pods-iOSBaseTests.development.xcconfig */,
				846DD702E37556337827D5A1 /* Pods-iOSBaseTests.qa.xcconfig */,
				D20C31B2FBE977B821FF863F /* Pods-iOSBaseTests.production.xcconfig */,
				E57A955C973AD3ED9C40CEE2 /* Pods-iOSBaseUITests.development.xcconfig */,
				420119715946CA85E05D15AA /* Pods-iOSBaseUITests.qa.xcconfig */,
				432B7B8529AE0DDECCB0AE51 /* Pods-iOSBaseUITests.production.xcconfig */,
				B4D9A08E665DE28A1FF97BCF /* Pods-iOSBase.ppe.xcconfig */,
				4880AF8837CD9AA9B4E95D27 /* Pods-iOSBaseTests.ppe.xcconfig */,
				6CC3D74B8085093C6B36DA1E /* Pods-iOSBaseUITests.ppe.xcconfig */,
			);
			path = Pods;
			sourceTree = "<group>";
		};
/* End PBXGroup section */

/* Begin PBXNativeTarget section */
		CBDBAAF0271319170023A1C0 /* iOSBaseUITests */ = {
			isa = PBXNativeTarget;
			buildConfigurationList = CBDBAAF9271319170023A1C0 /* Build configuration list for PBXNativeTarget "iOSBaseUITests" */;
			buildPhases = (
				EAC7AB407B9358D666EB14F5 /* [CP] Check Pods Manifest.lock */,
				CBDBAAED271319170023A1C0 /* Sources */,
				CBDBAAEE271319170023A1C0 /* Frameworks */,
				CBDBAAEF271319170023A1C0 /* Resources */,
			);
			buildRules = (
			);
			dependencies = (
				CBDBAAF8271319170023A1C0 /* PBXTargetDependency */,
			);
			name = iOSBaseUITests;
			productName = iOSBaseUITests;
			productReference = CBDBAAF1271319170023A1C0 /* iOSBaseUITests.xctest */;
			productType = "com.apple.product-type.bundle.ui-testing";
		};
		CBDBAB012713191F0023A1C0 /* iOSBaseTests */ = {
			isa = PBXNativeTarget;
			buildConfigurationList = CBDBAB082713191F0023A1C0 /* Build configuration list for PBXNativeTarget "iOSBaseTests" */;
			buildPhases = (
				7DFCFBE857532B4E3CA2D0DA /* [CP] Check Pods Manifest.lock */,
				CBDBAAFE2713191F0023A1C0 /* Sources */,
				CBDBAAFF2713191F0023A1C0 /* Frameworks */,
				CBDBAB002713191F0023A1C0 /* Resources */,
			);
			buildRules = (
			);
			dependencies = (
				CBDBAB072713191F0023A1C0 /* PBXTargetDependency */,
			);
			name = iOSBaseTests;
			productName = iOSBaseTests;
			productReference = CBDBAB022713191F0023A1C0 /* iOSBaseTests.xctest */;
			productType = "com.apple.product-type.bundle.unit-test";
		};
		CBEAB32526FB9BAC00BD82C6 /* iOSBase */ = {
			isa = PBXNativeTarget;
			buildConfigurationList = CBEAB33226FB9BAC00BD82C6 /* Build configuration list for PBXNativeTarget "iOSBase" */;
			buildPhases = (
				CBEAB32626FB9BAC00BD82C6 /* [CP] Check Pods Manifest.lock */,
				CBEAB32726FB9BAC00BD82C6 /* Sources */,
				CBEAB32B26FB9BAC00BD82C6 /* Frameworks */,
				CBEAB32D26FB9BAC00BD82C6 /* Resources */,
				CBEAB33126FB9BAC00BD82C6 /* Swiftlint */,
				C7E7CF2CC4029F5A31865A3F /* [CP] Embed Pods Frameworks */,
			);
			buildRules = (
			);
			dependencies = (
			);
			name = iOSBase;
			productName = iOSBase;
			productReference = CBEAB33526FB9BAC00BD82C6 /* iOSBase.app */;
			productType = "com.apple.product-type.application";
		};
/* End PBXNativeTarget section */

/* Begin PBXProject section */
		CBEAB2D726FA1BBD00BD82C6 /* Project object */ = {
			isa = PBXProject;
			attributes = {
				LastSwiftUpdateCheck = 1300;
				LastUpgradeCheck = 1250;
				TargetAttributes = {
					CBDBAAF0271319170023A1C0 = {
						CreatedOnToolsVersion = 13.0;
						TestTargetID = CBEAB32526FB9BAC00BD82C6;
					};
					CBDBAB012713191F0023A1C0 = {
						CreatedOnToolsVersion = 13.0;
						TestTargetID = CBEAB32526FB9BAC00BD82C6;
					};
				};
			};
			buildConfigurationList = CBEAB2DA26FA1BBD00BD82C6 /* Build configuration list for PBXProject "iOSBase" */;
			compatibilityVersion = "Xcode 9.3";
			developmentRegion = en;
			hasScannedForEncodings = 0;
			knownRegions = (
				en,
				Base,
			);
			mainGroup = CBEAB2D626FA1BBD00BD82C6;
			productRefGroup = CBEAB2E026FA1BBD00BD82C6 /* Products */;
			projectDirPath = "";
			projectRoot = "";
			targets = (
				CBEAB32526FB9BAC00BD82C6 /* iOSBase */,
				CBDBAAF0271319170023A1C0 /* iOSBaseUITests */,
				CBDBAB012713191F0023A1C0 /* iOSBaseTests */,
			);
		};
/* End PBXProject section */

/* Begin PBXResourcesBuildPhase section */
		CBDBAAEF271319170023A1C0 /* Resources */ = {
			isa = PBXResourcesBuildPhase;
			buildActionMask = 2147483647;
			files = (
			);
			runOnlyForDeploymentPostprocessing = 0;
		};
		CBDBAB002713191F0023A1C0 /* Resources */ = {
			isa = PBXResourcesBuildPhase;
			buildActionMask = 2147483647;
			files = (
			);
			runOnlyForDeploymentPostprocessing = 0;
		};
		CBEAB32D26FB9BAC00BD82C6 /* Resources */ = {
			isa = PBXResourcesBuildPhase;
			buildActionMask = 2147483647;
			files = (
				CBCBA55027122BB5006C0901 /* Home.storyboard in Resources */,
				CB06E35D27B7DCB10070A7FB /* Inter-ExtraBold.ttf in Resources */,
				CBEAB32E26FB9BAC00BD82C6 /* LaunchScreen.storyboard in Resources */,
				CB06E35827B7DCB10070A7FB /* Inter-Medium.ttf in Resources */,
				CB06E35B27B7DCB10070A7FB /* Inter-Bold.ttf in Resources */,
				CB06E34C27B7DCA60070A7FB /* Commerce.strings in Resources */,
				CB06E36027B7DCB10070A7FB /* Inter-SemiBold.ttf in Resources */,
				CB06E35F27B7DCB10070A7FB /* Inter-Black.ttf in Resources */,
				CB06E35A27B7DCB10070A7FB /* Inter-Thin.ttf in Resources */,
				CB06E35E27B7DCB10070A7FB /* Inter-ExtraLight.ttf in Resources */,
				CB06E35C27B7DCB10070A7FB /* Inter-Regular.ttf in Resources */,
				CBEAB32F26FB9BAC00BD82C6 /* Assets.xcassets in Resources */,
				CB06E30C27B7D97D0070A7FB /* Splash.storyboard in Resources */,
				CB06E35927B7DCB10070A7FB /* Inter-Light.ttf in Resources */,
			);
			runOnlyForDeploymentPostprocessing = 0;
		};
/* End PBXResourcesBuildPhase section */

/* Begin PBXShellScriptBuildPhase section */
		7DFCFBE857532B4E3CA2D0DA /* [CP] Check Pods Manifest.lock */ = {
			isa = PBXShellScriptBuildPhase;
			buildActionMask = 2147483647;
			files = (
			);
			inputFileListPaths = (
			);
			inputPaths = (
				"${PODS_PODFILE_DIR_PATH}/Podfile.lock",
				"${PODS_ROOT}/Manifest.lock",
			);
			name = "[CP] Check Pods Manifest.lock";
			outputFileListPaths = (
			);
			outputPaths = (
				"$(DERIVED_FILE_DIR)/Pods-iOSBaseTests-checkManifestLockResult.txt",
			);
			runOnlyForDeploymentPostprocessing = 0;
			shellPath = /bin/sh;
			shellScript = "diff \"${PODS_PODFILE_DIR_PATH}/Podfile.lock\" \"${PODS_ROOT}/Manifest.lock\" > /dev/null\nif [ $? != 0 ] ; then\n    # print error to STDERR\n    echo \"error: The sandbox is not in sync with the Podfile.lock. Run 'pod install' or update your CocoaPods installation.\" >&2\n    exit 1\nfi\n# This output is used by Xcode 'outputs' to avoid re-running this script phase.\necho \"SUCCESS\" > \"${SCRIPT_OUTPUT_FILE_0}\"\n";
			showEnvVarsInLog = 0;
		};
		C7E7CF2CC4029F5A31865A3F /* [CP] Embed Pods Frameworks */ = {
			isa = PBXShellScriptBuildPhase;
			buildActionMask = 2147483647;
			files = (
			);
			inputFileListPaths = (
				"${PODS_ROOT}/Target Support Files/Pods-iOSBase/Pods-iOSBase-frameworks-${CONFIGURATION}-input-files.xcfilelist",
			);
			name = "[CP] Embed Pods Frameworks";
			outputFileListPaths = (
				"${PODS_ROOT}/Target Support Files/Pods-iOSBase/Pods-iOSBase-frameworks-${CONFIGURATION}-output-files.xcfilelist",
			);
			runOnlyForDeploymentPostprocessing = 0;
			shellPath = /bin/sh;
			shellScript = "\"${PODS_ROOT}/Target Support Files/Pods-iOSBase/Pods-iOSBase-frameworks.sh\"\n";
			showEnvVarsInLog = 0;
		};
		CBEAB32626FB9BAC00BD82C6 /* [CP] Check Pods Manifest.lock */ = {
			isa = PBXShellScriptBuildPhase;
			buildActionMask = 8;
			files = (
			);
			inputFileListPaths = (
			);
			inputPaths = (
				"${PODS_PODFILE_DIR_PATH}/Podfile.lock",
				"${PODS_ROOT}/Manifest.lock",
			);
			name = "[CP] Check Pods Manifest.lock";
			outputFileListPaths = (
			);
			outputPaths = (
				"$(DERIVED_FILE_DIR)/Pods-iOSBase-checkManifestLockResult.txt",
			);
			runOnlyForDeploymentPostprocessing = 1;
			shellPath = /bin/sh;
			shellScript = "diff \"${PODS_PODFILE_DIR_PATH}/Podfile.lock\" \"${PODS_ROOT}/Manifest.lock\" > /dev/null\nif [ $? != 0 ] ; then\n    # print error to STDERR\n    echo \"error: The sandbox is not in sync with the Podfile.lock. Run 'pod install' or update your CocoaPods installation.\" >&2\n    exit 1\nfi\n# This output is used by Xcode 'outputs' to avoid re-running this script phase.\necho \"SUCCESS\" > \"${SCRIPT_OUTPUT_FILE_0}\"\n";
			showEnvVarsInLog = 0;
		};
		CBEAB33126FB9BAC00BD82C6 /* Swiftlint */ = {
			isa = PBXShellScriptBuildPhase;
			buildActionMask = 2147483647;
			files = (
			);
			inputFileListPaths = (
			);
			inputPaths = (
			);
			name = Swiftlint;
			outputFileListPaths = (
			);
			outputPaths = (
			);
			runOnlyForDeploymentPostprocessing = 0;
			shellPath = /bin/sh;
			shellScript = "if which swiftlint >/dev/null; then\n  swiftlint\nelse\n  echo \"warning: SwiftLint not installed, download from https://github.com/realm/SwiftLint\"\nfi\n";
		};
		EAC7AB407B9358D666EB14F5 /* [CP] Check Pods Manifest.lock */ = {
			isa = PBXShellScriptBuildPhase;
			buildActionMask = 2147483647;
			files = (
			);
			inputFileListPaths = (
			);
			inputPaths = (
				"${PODS_PODFILE_DIR_PATH}/Podfile.lock",
				"${PODS_ROOT}/Manifest.lock",
			);
			name = "[CP] Check Pods Manifest.lock";
			outputFileListPaths = (
			);
			outputPaths = (
				"$(DERIVED_FILE_DIR)/Pods-iOSBaseUITests-checkManifestLockResult.txt",
			);
			runOnlyForDeploymentPostprocessing = 0;
			shellPath = /bin/sh;
			shellScript = "diff \"${PODS_PODFILE_DIR_PATH}/Podfile.lock\" \"${PODS_ROOT}/Manifest.lock\" > /dev/null\nif [ $? != 0 ] ; then\n    # print error to STDERR\n    echo \"error: The sandbox is not in sync with the Podfile.lock. Run 'pod install' or update your CocoaPods installation.\" >&2\n    exit 1\nfi\n# This output is used by Xcode 'outputs' to avoid re-running this script phase.\necho \"SUCCESS\" > \"${SCRIPT_OUTPUT_FILE_0}\"\n";
			showEnvVarsInLog = 0;
		};
/* End PBXShellScriptBuildPhase section */

/* Begin PBXSourcesBuildPhase section */
		CBDBAAED271319170023A1C0 /* Sources */ = {
			isa = PBXSourcesBuildPhase;
			buildActionMask = 2147483647;
			files = (
				CBDBAAF4271319170023A1C0 /* iOSBaseUITests.swift in Sources */,
				CBDBAAF6271319170023A1C0 /* iOSBaseUITestsLaunchTests.swift in Sources */,
			);
			runOnlyForDeploymentPostprocessing = 0;
		};
		CBDBAAFE2713191F0023A1C0 /* Sources */ = {
			isa = PBXSourcesBuildPhase;
			buildActionMask = 2147483647;
			files = (
				CBDBAB052713191F0023A1C0 /* iOSBaseTests.swift in Sources */,
			);
			runOnlyForDeploymentPostprocessing = 0;
		};
		CBEAB32726FB9BAC00BD82C6 /* Sources */ = {
			isa = PBXSourcesBuildPhase;
			buildActionMask = 2147483647;
			files = (
				CB06E30F27B7D97D0070A7FB /* TabBarPresenter.swift in Sources */,
				CB06E31E27B7D97D0070A7FB /* APIService.swift in Sources */,
				CB06E34927B7DC0A0070A7FB /* HomeAssembly.swift in Sources */,
				CB06E34A27B7DC0A0070A7FB /* HomeInteractor.swift in Sources */,
				CB06E33727B7D97D0070A7FB /* LaunchManager+Startup.swift in Sources */,
				CB06E31027B7D97D0070A7FB /* TabBarAssembly.swift in Sources */,
				CB06E30827B7D97D0070A7FB /* SplashPresenter.swift in Sources */,
				CB06E33C27B7D97D0070A7FB /* ColorSet.swift in Sources */,
				CBCBA54C27122B9E006C0901 /* SampleModel.swift in Sources */,
				CB06E33E27B7D97D0070A7FB /* AppTokenService.swift in Sources */,
				CBEAB32926FB9BAC00BD82C6 /* AppDelegate.swift in Sources */,
				CBCBA54627122AAA006C0901 /* ServerErrorResponse.swift in Sources */,
				CB06E33A27B7D97D0070A7FB /* FontSet.swift in Sources */,
				CBCBA54727122AAA006C0901 /* SampleResponse.swift in Sources */,
				CB06E30727B7D97D0070A7FB /* SplashViewController.swift in Sources */,
				CB06E31227B7D97D0070A7FB /* TabBarRouter.swift in Sources */,
				CB06E31927B7D97D0070A7FB /* SelectTabBarUseCase.swift in Sources */,
				CB06E31F27B7D97D0070A7FB /* APIServiceError.swift in Sources */,
				CB06E31C27B7D97D0070A7FB /* ApplicationTransitionCoordinator.swift in Sources */,
				CB06E31327B7D97D0070A7FB /* TabBarWorker.swift in Sources */,
				CB06E31127B7D97D0070A7FB /* TabBarPageModel.swift in Sources */,
				CB06E33B27B7D97D0070A7FB /* AppImageSet.swift in Sources */,
				CB06E31427B7D97D0070A7FB /* TabBarViewController.swift in Sources */,
				CB06E30627B7D97D0070A7FB /* SplashRemoteStore.swift in Sources */,
				CB06E30A27B7D97D0070A7FB /* SplashRouter.swift in Sources */,
				CB06E30D27B7D97D0070A7FB /* SplashAssembly.swift in Sources */,
				CB06E34627B7DC0A0070A7FB /* HomeWorker.swift in Sources */,
				CB06E31A27B7D97D0070A7FB /* LocationConfigurations.swift in Sources */,
				CBEAB32A26FB9BAC00BD82C6 /* SceneDelegate.swift in Sources */,
				CB06E32027B7D97D0070A7FB /* APIResourceResponseAdapter.swift in Sources */,
				CBCBA54E27122BAB006C0901 /* HomeViewController.swift in Sources */,
				CB06E32127B7D97D0070A7FB /* APIConfigurations.swift in Sources */,
				CB06E31827B7D97D0070A7FB /* PresentTabBarBadgeViewUseCase.swift in Sources */,
				CB06E33827B7D97D0070A7FB /* LaunchManager.swift in Sources */,
				CB06E34727B7DC0A0070A7FB /* HomeRouter.swift in Sources */,
				CB06E30B27B7D97D0070A7FB /* SplashInteractor.swift in Sources */,
				CB06E34827B7DC0A0070A7FB /* HomeRemoteStore.swift in Sources */,
				CB06E30E27B7D97D0070A7FB /* CheckAuthenticationUseCase.swift in Sources */,
				CB06E31B27B7D97D0070A7FB /* LocationService.swift in Sources */,
				CB06E31527B7D97D0070A7FB /* TabBarInMemoryStore.swift in Sources */,
				CB06E30927B7D97D0070A7FB /* SplashWorker.swift in Sources */,
				CB06E34527B7DC0A0070A7FB /* HomePresenter.swift in Sources */,
				CB06E31727B7D97D0070A7FB /* GetChildViewControllerUseCase.swift in Sources */,
				CB06E33D27B7D97D0070A7FB /* DependencyResolver.swift in Sources */,
				CB06E31627B7D97D0070A7FB /* TabBarInteractor.swift in Sources */,
				CB06E31D27B7D97D0070A7FB /* APIResourceQueryAdapter.swift in Sources */,
			);
			runOnlyForDeploymentPostprocessing = 0;
		};
/* End PBXSourcesBuildPhase section */

/* Begin PBXTargetDependency section */
		CBDBAAF8271319170023A1C0 /* PBXTargetDependency */ = {
			isa = PBXTargetDependency;
			target = CBEAB32526FB9BAC00BD82C6 /* iOSBase */;
			targetProxy = CBDBAAF7271319170023A1C0 /* PBXContainerItemProxy */;
		};
		CBDBAB072713191F0023A1C0 /* PBXTargetDependency */ = {
			isa = PBXTargetDependency;
			target = CBEAB32526FB9BAC00BD82C6 /* iOSBase */;
			targetProxy = CBDBAB062713191F0023A1C0 /* PBXContainerItemProxy */;
		};
/* End PBXTargetDependency section */

/* Begin PBXVariantGroup section */
		CBEAB2ED26FA1BBE00BD82C6 /* LaunchScreen.storyboard */ = {
			isa = PBXVariantGroup;
			children = (
				CBEAB2EE26FA1BBE00BD82C6 /* Base */,
			);
			name = LaunchScreen.storyboard;
			sourceTree = "<group>";
		};
/* End PBXVariantGroup section */

/* Begin XCBuildConfiguration section */
		CBB49E752706E93F0043B128 /* Development */ = {
			isa = XCBuildConfiguration;
			buildSettings = {
				ALWAYS_SEARCH_USER_PATHS = NO;
				CLANG_ANALYZER_LOCALIZABILITY_NONLOCALIZED = YES;
				CLANG_ANALYZER_NONNULL = YES;
				CLANG_ANALYZER_NUMBER_OBJECT_CONVERSION = YES_AGGRESSIVE;
				CLANG_CXX_LANGUAGE_STANDARD = "gnu++14";
				CLANG_CXX_LIBRARY = "libc++";
				CLANG_ENABLE_MODULES = YES;
				CLANG_ENABLE_OBJC_ARC = YES;
				CLANG_ENABLE_OBJC_WEAK = YES;
				CLANG_WARN_BLOCK_CAPTURE_AUTORELEASING = YES;
				CLANG_WARN_BOOL_CONVERSION = YES;
				CLANG_WARN_COMMA = YES;
				CLANG_WARN_CONSTANT_CONVERSION = YES;
				CLANG_WARN_DEPRECATED_OBJC_IMPLEMENTATIONS = YES;
				CLANG_WARN_DIRECT_OBJC_ISA_USAGE = YES_ERROR;
				CLANG_WARN_DOCUMENTATION_COMMENTS = YES;
				CLANG_WARN_EMPTY_BODY = YES;
				CLANG_WARN_ENUM_CONVERSION = YES;
				CLANG_WARN_INFINITE_RECURSION = YES;
				CLANG_WARN_INT_CONVERSION = YES;
				CLANG_WARN_NON_LITERAL_NULL_CONVERSION = YES;
				CLANG_WARN_OBJC_IMPLICIT_RETAIN_SELF = YES;
				CLANG_WARN_OBJC_LITERAL_CONVERSION = YES;
				CLANG_WARN_OBJC_ROOT_CLASS = YES_ERROR;
				CLANG_WARN_QUOTED_INCLUDE_IN_FRAMEWORK_HEADER = YES;
				CLANG_WARN_RANGE_LOOP_ANALYSIS = YES;
				CLANG_WARN_STRICT_PROTOTYPES = YES;
				CLANG_WARN_SUSPICIOUS_MOVE = YES;
				CLANG_WARN_UNGUARDED_AVAILABILITY = YES_AGGRESSIVE;
				CLANG_WARN_UNREACHABLE_CODE = YES;
				CLANG_WARN__DUPLICATE_METHOD_MATCH = YES;
				COPY_PHASE_STRIP = NO;
				DEBUG_INFORMATION_FORMAT = dwarf;
				ENABLE_STRICT_OBJC_MSGSEND = YES;
				ENABLE_TESTABILITY = YES;
				"EXCLUDED_ARCHS[sdk=appletvos*]" = "";
				"EXCLUDED_ARCHS[sdk=appletvsimulator15.0]" = "";
				GCC_C_LANGUAGE_STANDARD = gnu11;
				GCC_DYNAMIC_NO_PIC = NO;
				GCC_NO_COMMON_BLOCKS = YES;
				GCC_OPTIMIZATION_LEVEL = 0;
				GCC_PREPROCESSOR_DEFINITIONS = (
					"DEBUG=1",
					"$(inherited)",
				);
				GCC_WARN_64_TO_32_BIT_CONVERSION = YES;
				GCC_WARN_ABOUT_RETURN_TYPE = YES_ERROR;
				GCC_WARN_UNDECLARED_SELECTOR = YES;
				GCC_WARN_UNINITIALIZED_AUTOS = YES_AGGRESSIVE;
				GCC_WARN_UNUSED_FUNCTION = YES;
				GCC_WARN_UNUSED_VARIABLE = YES;
				IPHONEOS_DEPLOYMENT_TARGET = 13.0;
				MTL_ENABLE_DEBUG_INFO = INCLUDE_SOURCE;
				MTL_FAST_MATH = YES;
				ONLY_ACTIVE_ARCH = YES;
				SDKROOT = iphoneos;
				SWIFT_ACTIVE_COMPILATION_CONDITIONS = DEBUG;
				SWIFT_OPTIMIZATION_LEVEL = "-Onone";
			};
			name = Development;
		};
		CBB49E782706E93F0043B128 /* Development */ = {
			isa = XCBuildConfiguration;
			baseConfigurationReference = 7E6360C45E5CF88F1F9DBC76 /* Pods-iOSBase.development.xcconfig */;
			buildSettings = {
				ASSETCATALOG_COMPILER_APPICON_NAME = AppIcon;
				ASSETCATALOG_COMPILER_GLOBAL_ACCENT_COLOR_NAME = AccentColor;
				CODE_SIGN_IDENTITY = "Apple Development";
				CODE_SIGN_STYLE = Manual;
				CURRENT_PROJECT_VERSION = 1;
				DEVELOPMENT_TEAM = L38PND4S5S;
				INFOPLIST_FILE = iOSBase/AppConfiguration/Info.plist;
				IPHONEOS_DEPLOYMENT_TARGET = 13.0;
				LD_RUNPATH_SEARCH_PATHS = (
					"$(inherited)",
					"@executable_path/Frameworks",
				);
				MARKETING_VERSION = 1.0.0;
				PRODUCT_BUNDLE_IDENTIFIER = vn.namnh.iOSBase.dev;
				PRODUCT_NAME = "$(TARGET_NAME)";
				PROVISIONING_PROFILE_SPECIFIER = "match Development vn.namnh.iOSBase.dev";
				SWIFT_VERSION = 5.0;
				TARGETED_DEVICE_FAMILY = "1,2";
			};
			name = Development;
		};
		CBB49E792706E9500043B128 /* Production */ = {
			isa = XCBuildConfiguration;
			buildSettings = {
				ALWAYS_SEARCH_USER_PATHS = NO;
				CLANG_ANALYZER_LOCALIZABILITY_NONLOCALIZED = YES;
				CLANG_ANALYZER_NONNULL = YES;
				CLANG_ANALYZER_NUMBER_OBJECT_CONVERSION = YES_AGGRESSIVE;
				CLANG_CXX_LANGUAGE_STANDARD = "gnu++14";
				CLANG_CXX_LIBRARY = "libc++";
				CLANG_ENABLE_MODULES = YES;
				CLANG_ENABLE_OBJC_ARC = YES;
				CLANG_ENABLE_OBJC_WEAK = YES;
				CLANG_WARN_BLOCK_CAPTURE_AUTORELEASING = YES;
				CLANG_WARN_BOOL_CONVERSION = YES;
				CLANG_WARN_COMMA = YES;
				CLANG_WARN_CONSTANT_CONVERSION = YES;
				CLANG_WARN_DEPRECATED_OBJC_IMPLEMENTATIONS = YES;
				CLANG_WARN_DIRECT_OBJC_ISA_USAGE = YES_ERROR;
				CLANG_WARN_DOCUMENTATION_COMMENTS = YES;
				CLANG_WARN_EMPTY_BODY = YES;
				CLANG_WARN_ENUM_CONVERSION = YES;
				CLANG_WARN_INFINITE_RECURSION = YES;
				CLANG_WARN_INT_CONVERSION = YES;
				CLANG_WARN_NON_LITERAL_NULL_CONVERSION = YES;
				CLANG_WARN_OBJC_IMPLICIT_RETAIN_SELF = YES;
				CLANG_WARN_OBJC_LITERAL_CONVERSION = YES;
				CLANG_WARN_OBJC_ROOT_CLASS = YES_ERROR;
				CLANG_WARN_QUOTED_INCLUDE_IN_FRAMEWORK_HEADER = YES;
				CLANG_WARN_RANGE_LOOP_ANALYSIS = YES;
				CLANG_WARN_STRICT_PROTOTYPES = YES;
				CLANG_WARN_SUSPICIOUS_MOVE = YES;
				CLANG_WARN_UNGUARDED_AVAILABILITY = YES_AGGRESSIVE;
				CLANG_WARN_UNREACHABLE_CODE = YES;
				CLANG_WARN__DUPLICATE_METHOD_MATCH = YES;
				COPY_PHASE_STRIP = NO;
				DEBUG_INFORMATION_FORMAT = "dwarf-with-dsym";
				ENABLE_NS_ASSERTIONS = NO;
				ENABLE_STRICT_OBJC_MSGSEND = YES;
				"EXCLUDED_ARCHS[sdk=appletvos*]" = "";
				"EXCLUDED_ARCHS[sdk=appletvsimulator*]" = "";
				GCC_C_LANGUAGE_STANDARD = gnu11;
				GCC_NO_COMMON_BLOCKS = YES;
				GCC_WARN_64_TO_32_BIT_CONVERSION = YES;
				GCC_WARN_ABOUT_RETURN_TYPE = YES_ERROR;
				GCC_WARN_UNDECLARED_SELECTOR = YES;
				GCC_WARN_UNINITIALIZED_AUTOS = YES_AGGRESSIVE;
				GCC_WARN_UNUSED_FUNCTION = YES;
				GCC_WARN_UNUSED_VARIABLE = YES;
				IPHONEOS_DEPLOYMENT_TARGET = 13.0;
				MTL_ENABLE_DEBUG_INFO = NO;
				MTL_FAST_MATH = YES;
				SDKROOT = iphoneos;
				SWIFT_COMPILATION_MODE = wholemodule;
				SWIFT_OPTIMIZATION_LEVEL = "-O";
				VALIDATE_PRODUCT = YES;
			};
			name = Production;
		};
		CBB49E7C2706E9500043B128 /* Production */ = {
			isa = XCBuildConfiguration;
			baseConfigurationReference = 8AA1B33E742757D44D876F8E /* Pods-iOSBase.production.xcconfig */;
			buildSettings = {
				ASSETCATALOG_COMPILER_APPICON_NAME = AppIcon;
				ASSETCATALOG_COMPILER_GLOBAL_ACCENT_COLOR_NAME = AccentColor;
				CODE_SIGN_IDENTITY = "Apple Distribution";
				CODE_SIGN_STYLE = Manual;
				CURRENT_PROJECT_VERSION = 1;
				DEVELOPMENT_TEAM = L38PND4S5S;
				INFOPLIST_FILE = iOSBase/AppConfiguration/Info.plist;
				IPHONEOS_DEPLOYMENT_TARGET = 13.0;
				LD_RUNPATH_SEARCH_PATHS = (
					"$(inherited)",
					"@executable_path/Frameworks",
				);
				MARKETING_VERSION = 1.0.0;
				PRODUCT_BUNDLE_IDENTIFIER = vn.namnh.iOSBase;
				PRODUCT_NAME = "$(TARGET_NAME)";
				PROVISIONING_PROFILE_SPECIFIER = "match AppStore vn.namnh.iOSBase";
				SWIFT_VERSION = 5.0;
				TARGETED_DEVICE_FAMILY = "1,2";
			};
			name = Production;
		};
		CBCB9DF1270C0A25002C276C /* PPE */ = {
			isa = XCBuildConfiguration;
			buildSettings = {
				ALWAYS_SEARCH_USER_PATHS = NO;
				CLANG_ANALYZER_LOCALIZABILITY_NONLOCALIZED = YES;
				CLANG_ANALYZER_NONNULL = YES;
				CLANG_ANALYZER_NUMBER_OBJECT_CONVERSION = YES_AGGRESSIVE;
				CLANG_CXX_LANGUAGE_STANDARD = "gnu++14";
				CLANG_CXX_LIBRARY = "libc++";
				CLANG_ENABLE_MODULES = YES;
				CLANG_ENABLE_OBJC_ARC = YES;
				CLANG_ENABLE_OBJC_WEAK = YES;
				CLANG_WARN_BLOCK_CAPTURE_AUTORELEASING = YES;
				CLANG_WARN_BOOL_CONVERSION = YES;
				CLANG_WARN_COMMA = YES;
				CLANG_WARN_CONSTANT_CONVERSION = YES;
				CLANG_WARN_DEPRECATED_OBJC_IMPLEMENTATIONS = YES;
				CLANG_WARN_DIRECT_OBJC_ISA_USAGE = YES_ERROR;
				CLANG_WARN_DOCUMENTATION_COMMENTS = YES;
				CLANG_WARN_EMPTY_BODY = YES;
				CLANG_WARN_ENUM_CONVERSION = YES;
				CLANG_WARN_INFINITE_RECURSION = YES;
				CLANG_WARN_INT_CONVERSION = YES;
				CLANG_WARN_NON_LITERAL_NULL_CONVERSION = YES;
				CLANG_WARN_OBJC_IMPLICIT_RETAIN_SELF = YES;
				CLANG_WARN_OBJC_LITERAL_CONVERSION = YES;
				CLANG_WARN_OBJC_ROOT_CLASS = YES_ERROR;
				CLANG_WARN_QUOTED_INCLUDE_IN_FRAMEWORK_HEADER = YES;
				CLANG_WARN_RANGE_LOOP_ANALYSIS = YES;
				CLANG_WARN_STRICT_PROTOTYPES = YES;
				CLANG_WARN_SUSPICIOUS_MOVE = YES;
				CLANG_WARN_UNGUARDED_AVAILABILITY = YES_AGGRESSIVE;
				CLANG_WARN_UNREACHABLE_CODE = YES;
				CLANG_WARN__DUPLICATE_METHOD_MATCH = YES;
				COPY_PHASE_STRIP = NO;
				DEBUG_INFORMATION_FORMAT = dwarf;
				ENABLE_STRICT_OBJC_MSGSEND = YES;
				ENABLE_TESTABILITY = YES;
				"EXCLUDED_ARCHS[sdk=appletvos*]" = "";
				"EXCLUDED_ARCHS[sdk=appletvsimulator15.0]" = "";
				GCC_C_LANGUAGE_STANDARD = gnu11;
				GCC_DYNAMIC_NO_PIC = NO;
				GCC_NO_COMMON_BLOCKS = YES;
				GCC_OPTIMIZATION_LEVEL = 0;
				GCC_PREPROCESSOR_DEFINITIONS = (
					"DEBUG=1",
					"$(inherited)",
				);
				GCC_WARN_64_TO_32_BIT_CONVERSION = YES;
				GCC_WARN_ABOUT_RETURN_TYPE = YES_ERROR;
				GCC_WARN_UNDECLARED_SELECTOR = YES;
				GCC_WARN_UNINITIALIZED_AUTOS = YES_AGGRESSIVE;
				GCC_WARN_UNUSED_FUNCTION = YES;
				GCC_WARN_UNUSED_VARIABLE = YES;
				IPHONEOS_DEPLOYMENT_TARGET = 13.0;
				MTL_ENABLE_DEBUG_INFO = INCLUDE_SOURCE;
				MTL_FAST_MATH = YES;
				ONLY_ACTIVE_ARCH = YES;
				SDKROOT = iphoneos;
				SWIFT_ACTIVE_COMPILATION_CONDITIONS = DEBUG;
				SWIFT_OPTIMIZATION_LEVEL = "-Onone";
			};
			name = PPE;
		};
		CBCB9DF2270C0A25002C276C /* PPE */ = {
			isa = XCBuildConfiguration;
			baseConfigurationReference = B4D9A08E665DE28A1FF97BCF /* Pods-iOSBase.ppe.xcconfig */;
			buildSettings = {
				ASSETCATALOG_COMPILER_APPICON_NAME = AppIcon;
				ASSETCATALOG_COMPILER_GLOBAL_ACCENT_COLOR_NAME = AccentColor;
				CODE_SIGN_IDENTITY = "Apple Development";
				CODE_SIGN_STYLE = Manual;
				CURRENT_PROJECT_VERSION = 1;
				DEVELOPMENT_TEAM = L38PND4S5S;
				INFOPLIST_FILE = iOSBase/AppConfiguration/Info.plist;
				IPHONEOS_DEPLOYMENT_TARGET = 13.0;
				LD_RUNPATH_SEARCH_PATHS = (
					"$(inherited)",
					"@executable_path/Frameworks",
				);
				MARKETING_VERSION = 1.0.0;
				PRODUCT_BUNDLE_IDENTIFIER = vn.namnh.iOSBase.ppe;
				PRODUCT_NAME = "$(TARGET_NAME)";
				PROVISIONING_PROFILE_SPECIFIER = "match Development vn.namnh.iOSBase.ppe";
				SWIFT_VERSION = 5.0;
				TARGETED_DEVICE_FAMILY = "1,2";
			};
			name = PPE;
		};
		CBDBAAFA271319170023A1C0 /* Development */ = {
			isa = XCBuildConfiguration;
			baseConfigurationReference = E57A955C973AD3ED9C40CEE2 /* Pods-iOSBaseUITests.development.xcconfig */;
			buildSettings = {
				ALWAYS_SEARCH_USER_PATHS = NO;
				CLANG_ANALYZER_NONNULL = YES;
				CLANG_ANALYZER_NUMBER_OBJECT_CONVERSION = YES_AGGRESSIVE;
				CLANG_CXX_LANGUAGE_STANDARD = "gnu++17";
				CLANG_CXX_LIBRARY = "libc++";
				CLANG_ENABLE_MODULES = YES;
				CLANG_ENABLE_OBJC_ARC = YES;
				CLANG_ENABLE_OBJC_WEAK = YES;
				CLANG_WARN_BLOCK_CAPTURE_AUTORELEASING = YES;
				CLANG_WARN_BOOL_CONVERSION = YES;
				CLANG_WARN_COMMA = YES;
				CLANG_WARN_CONSTANT_CONVERSION = YES;
				CLANG_WARN_DEPRECATED_OBJC_IMPLEMENTATIONS = YES;
				CLANG_WARN_DIRECT_OBJC_ISA_USAGE = YES_ERROR;
				CLANG_WARN_DOCUMENTATION_COMMENTS = YES;
				CLANG_WARN_EMPTY_BODY = YES;
				CLANG_WARN_ENUM_CONVERSION = YES;
				CLANG_WARN_INFINITE_RECURSION = YES;
				CLANG_WARN_INT_CONVERSION = YES;
				CLANG_WARN_NON_LITERAL_NULL_CONVERSION = YES;
				CLANG_WARN_OBJC_IMPLICIT_RETAIN_SELF = YES;
				CLANG_WARN_OBJC_LITERAL_CONVERSION = YES;
				CLANG_WARN_OBJC_ROOT_CLASS = YES_ERROR;
				CLANG_WARN_QUOTED_INCLUDE_IN_FRAMEWORK_HEADER = YES;
				CLANG_WARN_RANGE_LOOP_ANALYSIS = YES;
				CLANG_WARN_STRICT_PROTOTYPES = YES;
				CLANG_WARN_SUSPICIOUS_MOVE = YES;
				CLANG_WARN_UNGUARDED_AVAILABILITY = YES_AGGRESSIVE;
				CLANG_WARN_UNREACHABLE_CODE = YES;
				CLANG_WARN__DUPLICATE_METHOD_MATCH = YES;
				CODE_SIGN_STYLE = Automatic;
				COPY_PHASE_STRIP = NO;
				CURRENT_PROJECT_VERSION = 1;
				DEBUG_INFORMATION_FORMAT = dwarf;
				ENABLE_STRICT_OBJC_MSGSEND = YES;
				ENABLE_TESTABILITY = YES;
				GCC_C_LANGUAGE_STANDARD = gnu11;
				GCC_DYNAMIC_NO_PIC = NO;
				GCC_NO_COMMON_BLOCKS = YES;
				GCC_OPTIMIZATION_LEVEL = 0;
				GCC_PREPROCESSOR_DEFINITIONS = (
					"DEBUG=1",
					"$(inherited)",
				);
				GCC_WARN_64_TO_32_BIT_CONVERSION = YES;
				GCC_WARN_ABOUT_RETURN_TYPE = YES_ERROR;
				GCC_WARN_UNDECLARED_SELECTOR = YES;
				GCC_WARN_UNINITIALIZED_AUTOS = YES_AGGRESSIVE;
				GCC_WARN_UNUSED_FUNCTION = YES;
				GCC_WARN_UNUSED_VARIABLE = YES;
				GENERATE_INFOPLIST_FILE = YES;
				IPHONEOS_DEPLOYMENT_TARGET = 15.0;
				LD_RUNPATH_SEARCH_PATHS = (
					"$(inherited)",
					"@executable_path/Frameworks",
					"@loader_path/Frameworks",
				);
				MARKETING_VERSION = 1.0;
				MTL_ENABLE_DEBUG_INFO = INCLUDE_SOURCE;
				MTL_FAST_MATH = YES;
				ONLY_ACTIVE_ARCH = YES;
				PRODUCT_BUNDLE_IDENTIFIER = vn.namnh.iOSBaseUITests;
				PRODUCT_NAME = "$(TARGET_NAME)";
				SDKROOT = iphoneos;
				SWIFT_ACTIVE_COMPILATION_CONDITIONS = DEBUG;
				SWIFT_EMIT_LOC_STRINGS = NO;
				SWIFT_OPTIMIZATION_LEVEL = "-Onone";
				SWIFT_VERSION = 5.0;
				TARGETED_DEVICE_FAMILY = "1,2";
				TEST_TARGET_NAME = iOSBase;
			};
			name = Development;
		};
		CBDBAAFB271319170023A1C0 /* PPE */ = {
			isa = XCBuildConfiguration;
			baseConfigurationReference = 6CC3D74B8085093C6B36DA1E /* Pods-iOSBaseUITests.ppe.xcconfig */;
			buildSettings = {
				ALWAYS_SEARCH_USER_PATHS = NO;
				CLANG_ANALYZER_NONNULL = YES;
				CLANG_ANALYZER_NUMBER_OBJECT_CONVERSION = YES_AGGRESSIVE;
				CLANG_CXX_LANGUAGE_STANDARD = "gnu++17";
				CLANG_CXX_LIBRARY = "libc++";
				CLANG_ENABLE_MODULES = YES;
				CLANG_ENABLE_OBJC_ARC = YES;
				CLANG_ENABLE_OBJC_WEAK = YES;
				CLANG_WARN_BLOCK_CAPTURE_AUTORELEASING = YES;
				CLANG_WARN_BOOL_CONVERSION = YES;
				CLANG_WARN_COMMA = YES;
				CLANG_WARN_CONSTANT_CONVERSION = YES;
				CLANG_WARN_DEPRECATED_OBJC_IMPLEMENTATIONS = YES;
				CLANG_WARN_DIRECT_OBJC_ISA_USAGE = YES_ERROR;
				CLANG_WARN_DOCUMENTATION_COMMENTS = YES;
				CLANG_WARN_EMPTY_BODY = YES;
				CLANG_WARN_ENUM_CONVERSION = YES;
				CLANG_WARN_INFINITE_RECURSION = YES;
				CLANG_WARN_INT_CONVERSION = YES;
				CLANG_WARN_NON_LITERAL_NULL_CONVERSION = YES;
				CLANG_WARN_OBJC_IMPLICIT_RETAIN_SELF = YES;
				CLANG_WARN_OBJC_LITERAL_CONVERSION = YES;
				CLANG_WARN_OBJC_ROOT_CLASS = YES_ERROR;
				CLANG_WARN_QUOTED_INCLUDE_IN_FRAMEWORK_HEADER = YES;
				CLANG_WARN_RANGE_LOOP_ANALYSIS = YES;
				CLANG_WARN_STRICT_PROTOTYPES = YES;
				CLANG_WARN_SUSPICIOUS_MOVE = YES;
				CLANG_WARN_UNGUARDED_AVAILABILITY = YES_AGGRESSIVE;
				CLANG_WARN_UNREACHABLE_CODE = YES;
				CLANG_WARN__DUPLICATE_METHOD_MATCH = YES;
				CODE_SIGN_STYLE = Automatic;
				COPY_PHASE_STRIP = NO;
				CURRENT_PROJECT_VERSION = 1;
				DEBUG_INFORMATION_FORMAT = "dwarf-with-dsym";
				ENABLE_NS_ASSERTIONS = NO;
				ENABLE_STRICT_OBJC_MSGSEND = YES;
				GCC_C_LANGUAGE_STANDARD = gnu11;
				GCC_NO_COMMON_BLOCKS = YES;
				GCC_WARN_64_TO_32_BIT_CONVERSION = YES;
				GCC_WARN_ABOUT_RETURN_TYPE = YES_ERROR;
				GCC_WARN_UNDECLARED_SELECTOR = YES;
				GCC_WARN_UNINITIALIZED_AUTOS = YES_AGGRESSIVE;
				GCC_WARN_UNUSED_FUNCTION = YES;
				GCC_WARN_UNUSED_VARIABLE = YES;
				GENERATE_INFOPLIST_FILE = YES;
				IPHONEOS_DEPLOYMENT_TARGET = 15.0;
				LD_RUNPATH_SEARCH_PATHS = (
					"$(inherited)",
					"@executable_path/Frameworks",
					"@loader_path/Frameworks",
				);
				MARKETING_VERSION = 1.0;
				MTL_ENABLE_DEBUG_INFO = NO;
				MTL_FAST_MATH = YES;
				PRODUCT_BUNDLE_IDENTIFIER = vn.namnh.iOSBaseUITests;
				PRODUCT_NAME = "$(TARGET_NAME)";
				SDKROOT = iphoneos;
				SWIFT_COMPILATION_MODE = wholemodule;
				SWIFT_EMIT_LOC_STRINGS = NO;
				SWIFT_OPTIMIZATION_LEVEL = "-O";
				SWIFT_VERSION = 5.0;
				TARGETED_DEVICE_FAMILY = "1,2";
				TEST_TARGET_NAME = iOSBase;
				VALIDATE_PRODUCT = YES;
			};
			name = PPE;
		};
		CBDBAAFC271319170023A1C0 /* QA */ = {
			isa = XCBuildConfiguration;
			baseConfigurationReference = 420119715946CA85E05D15AA /* Pods-iOSBaseUITests.qa.xcconfig */;
			buildSettings = {
				ALWAYS_SEARCH_USER_PATHS = NO;
				CLANG_ANALYZER_NONNULL = YES;
				CLANG_ANALYZER_NUMBER_OBJECT_CONVERSION = YES_AGGRESSIVE;
				CLANG_CXX_LANGUAGE_STANDARD = "gnu++17";
				CLANG_CXX_LIBRARY = "libc++";
				CLANG_ENABLE_MODULES = YES;
				CLANG_ENABLE_OBJC_ARC = YES;
				CLANG_ENABLE_OBJC_WEAK = YES;
				CLANG_WARN_BLOCK_CAPTURE_AUTORELEASING = YES;
				CLANG_WARN_BOOL_CONVERSION = YES;
				CLANG_WARN_COMMA = YES;
				CLANG_WARN_CONSTANT_CONVERSION = YES;
				CLANG_WARN_DEPRECATED_OBJC_IMPLEMENTATIONS = YES;
				CLANG_WARN_DIRECT_OBJC_ISA_USAGE = YES_ERROR;
				CLANG_WARN_DOCUMENTATION_COMMENTS = YES;
				CLANG_WARN_EMPTY_BODY = YES;
				CLANG_WARN_ENUM_CONVERSION = YES;
				CLANG_WARN_INFINITE_RECURSION = YES;
				CLANG_WARN_INT_CONVERSION = YES;
				CLANG_WARN_NON_LITERAL_NULL_CONVERSION = YES;
				CLANG_WARN_OBJC_IMPLICIT_RETAIN_SELF = YES;
				CLANG_WARN_OBJC_LITERAL_CONVERSION = YES;
				CLANG_WARN_OBJC_ROOT_CLASS = YES_ERROR;
				CLANG_WARN_QUOTED_INCLUDE_IN_FRAMEWORK_HEADER = YES;
				CLANG_WARN_RANGE_LOOP_ANALYSIS = YES;
				CLANG_WARN_STRICT_PROTOTYPES = YES;
				CLANG_WARN_SUSPICIOUS_MOVE = YES;
				CLANG_WARN_UNGUARDED_AVAILABILITY = YES_AGGRESSIVE;
				CLANG_WARN_UNREACHABLE_CODE = YES;
				CLANG_WARN__DUPLICATE_METHOD_MATCH = YES;
				CODE_SIGN_STYLE = Automatic;
				COPY_PHASE_STRIP = NO;
				CURRENT_PROJECT_VERSION = 1;
				DEBUG_INFORMATION_FORMAT = "dwarf-with-dsym";
				ENABLE_NS_ASSERTIONS = NO;
				ENABLE_STRICT_OBJC_MSGSEND = YES;
				GCC_C_LANGUAGE_STANDARD = gnu11;
				GCC_NO_COMMON_BLOCKS = YES;
				GCC_WARN_64_TO_32_BIT_CONVERSION = YES;
				GCC_WARN_ABOUT_RETURN_TYPE = YES_ERROR;
				GCC_WARN_UNDECLARED_SELECTOR = YES;
				GCC_WARN_UNINITIALIZED_AUTOS = YES_AGGRESSIVE;
				GCC_WARN_UNUSED_FUNCTION = YES;
				GCC_WARN_UNUSED_VARIABLE = YES;
				GENERATE_INFOPLIST_FILE = YES;
				IPHONEOS_DEPLOYMENT_TARGET = 15.0;
				LD_RUNPATH_SEARCH_PATHS = (
					"$(inherited)",
					"@executable_path/Frameworks",
					"@loader_path/Frameworks",
				);
				MARKETING_VERSION = 1.0;
				MTL_ENABLE_DEBUG_INFO = NO;
				MTL_FAST_MATH = YES;
				PRODUCT_BUNDLE_IDENTIFIER = vn.namnh.iOSBaseUITests;
				PRODUCT_NAME = "$(TARGET_NAME)";
				SDKROOT = iphoneos;
				SWIFT_COMPILATION_MODE = wholemodule;
				SWIFT_EMIT_LOC_STRINGS = NO;
				SWIFT_OPTIMIZATION_LEVEL = "-O";
				SWIFT_VERSION = 5.0;
				TARGETED_DEVICE_FAMILY = "1,2";
				TEST_TARGET_NAME = iOSBase;
				VALIDATE_PRODUCT = YES;
			};
			name = QA;
		};
		CBDBAAFD271319170023A1C0 /* Production */ = {
			isa = XCBuildConfiguration;
			baseConfigurationReference = 432B7B8529AE0DDECCB0AE51 /* Pods-iOSBaseUITests.production.xcconfig */;
			buildSettings = {
				ALWAYS_SEARCH_USER_PATHS = NO;
				CLANG_ANALYZER_NONNULL = YES;
				CLANG_ANALYZER_NUMBER_OBJECT_CONVERSION = YES_AGGRESSIVE;
				CLANG_CXX_LANGUAGE_STANDARD = "gnu++17";
				CLANG_CXX_LIBRARY = "libc++";
				CLANG_ENABLE_MODULES = YES;
				CLANG_ENABLE_OBJC_ARC = YES;
				CLANG_ENABLE_OBJC_WEAK = YES;
				CLANG_WARN_BLOCK_CAPTURE_AUTORELEASING = YES;
				CLANG_WARN_BOOL_CONVERSION = YES;
				CLANG_WARN_COMMA = YES;
				CLANG_WARN_CONSTANT_CONVERSION = YES;
				CLANG_WARN_DEPRECATED_OBJC_IMPLEMENTATIONS = YES;
				CLANG_WARN_DIRECT_OBJC_ISA_USAGE = YES_ERROR;
				CLANG_WARN_DOCUMENTATION_COMMENTS = YES;
				CLANG_WARN_EMPTY_BODY = YES;
				CLANG_WARN_ENUM_CONVERSION = YES;
				CLANG_WARN_INFINITE_RECURSION = YES;
				CLANG_WARN_INT_CONVERSION = YES;
				CLANG_WARN_NON_LITERAL_NULL_CONVERSION = YES;
				CLANG_WARN_OBJC_IMPLICIT_RETAIN_SELF = YES;
				CLANG_WARN_OBJC_LITERAL_CONVERSION = YES;
				CLANG_WARN_OBJC_ROOT_CLASS = YES_ERROR;
				CLANG_WARN_QUOTED_INCLUDE_IN_FRAMEWORK_HEADER = YES;
				CLANG_WARN_RANGE_LOOP_ANALYSIS = YES;
				CLANG_WARN_STRICT_PROTOTYPES = YES;
				CLANG_WARN_SUSPICIOUS_MOVE = YES;
				CLANG_WARN_UNGUARDED_AVAILABILITY = YES_AGGRESSIVE;
				CLANG_WARN_UNREACHABLE_CODE = YES;
				CLANG_WARN__DUPLICATE_METHOD_MATCH = YES;
				CODE_SIGN_STYLE = Automatic;
				COPY_PHASE_STRIP = NO;
				CURRENT_PROJECT_VERSION = 1;
				DEBUG_INFORMATION_FORMAT = "dwarf-with-dsym";
				ENABLE_NS_ASSERTIONS = NO;
				ENABLE_STRICT_OBJC_MSGSEND = YES;
				GCC_C_LANGUAGE_STANDARD = gnu11;
				GCC_NO_COMMON_BLOCKS = YES;
				GCC_WARN_64_TO_32_BIT_CONVERSION = YES;
				GCC_WARN_ABOUT_RETURN_TYPE = YES_ERROR;
				GCC_WARN_UNDECLARED_SELECTOR = YES;
				GCC_WARN_UNINITIALIZED_AUTOS = YES_AGGRESSIVE;
				GCC_WARN_UNUSED_FUNCTION = YES;
				GCC_WARN_UNUSED_VARIABLE = YES;
				GENERATE_INFOPLIST_FILE = YES;
				IPHONEOS_DEPLOYMENT_TARGET = 15.0;
				LD_RUNPATH_SEARCH_PATHS = (
					"$(inherited)",
					"@executable_path/Frameworks",
					"@loader_path/Frameworks",
				);
				MARKETING_VERSION = 1.0;
				MTL_ENABLE_DEBUG_INFO = NO;
				MTL_FAST_MATH = YES;
				PRODUCT_BUNDLE_IDENTIFIER = vn.namnh.iOSBaseUITests;
				PRODUCT_NAME = "$(TARGET_NAME)";
				SDKROOT = iphoneos;
				SWIFT_COMPILATION_MODE = wholemodule;
				SWIFT_EMIT_LOC_STRINGS = NO;
				SWIFT_OPTIMIZATION_LEVEL = "-O";
				SWIFT_VERSION = 5.0;
				TARGETED_DEVICE_FAMILY = "1,2";
				TEST_TARGET_NAME = iOSBase;
				VALIDATE_PRODUCT = YES;
			};
			name = Production;
		};
		CBDBAB092713191F0023A1C0 /* Development */ = {
			isa = XCBuildConfiguration;
			baseConfigurationReference = 695CABBB0B2DF54CA01BF5D8 /* Pods-iOSBaseTests.development.xcconfig */;
			buildSettings = {
				ALWAYS_SEARCH_USER_PATHS = NO;
				BUNDLE_LOADER = "$(TEST_HOST)";
				CLANG_ANALYZER_NONNULL = YES;
				CLANG_ANALYZER_NUMBER_OBJECT_CONVERSION = YES_AGGRESSIVE;
				CLANG_CXX_LANGUAGE_STANDARD = "gnu++17";
				CLANG_CXX_LIBRARY = "libc++";
				CLANG_ENABLE_MODULES = YES;
				CLANG_ENABLE_OBJC_ARC = YES;
				CLANG_ENABLE_OBJC_WEAK = YES;
				CLANG_WARN_BLOCK_CAPTURE_AUTORELEASING = YES;
				CLANG_WARN_BOOL_CONVERSION = YES;
				CLANG_WARN_COMMA = YES;
				CLANG_WARN_CONSTANT_CONVERSION = YES;
				CLANG_WARN_DEPRECATED_OBJC_IMPLEMENTATIONS = YES;
				CLANG_WARN_DIRECT_OBJC_ISA_USAGE = YES_ERROR;
				CLANG_WARN_DOCUMENTATION_COMMENTS = YES;
				CLANG_WARN_EMPTY_BODY = YES;
				CLANG_WARN_ENUM_CONVERSION = YES;
				CLANG_WARN_INFINITE_RECURSION = YES;
				CLANG_WARN_INT_CONVERSION = YES;
				CLANG_WARN_NON_LITERAL_NULL_CONVERSION = YES;
				CLANG_WARN_OBJC_IMPLICIT_RETAIN_SELF = YES;
				CLANG_WARN_OBJC_LITERAL_CONVERSION = YES;
				CLANG_WARN_OBJC_ROOT_CLASS = YES_ERROR;
				CLANG_WARN_QUOTED_INCLUDE_IN_FRAMEWORK_HEADER = YES;
				CLANG_WARN_RANGE_LOOP_ANALYSIS = YES;
				CLANG_WARN_STRICT_PROTOTYPES = YES;
				CLANG_WARN_SUSPICIOUS_MOVE = YES;
				CLANG_WARN_UNGUARDED_AVAILABILITY = YES_AGGRESSIVE;
				CLANG_WARN_UNREACHABLE_CODE = YES;
				CLANG_WARN__DUPLICATE_METHOD_MATCH = YES;
				CODE_SIGN_STYLE = Automatic;
				COPY_PHASE_STRIP = NO;
				CURRENT_PROJECT_VERSION = 1;
				DEBUG_INFORMATION_FORMAT = dwarf;
				ENABLE_STRICT_OBJC_MSGSEND = YES;
				ENABLE_TESTABILITY = YES;
				GCC_C_LANGUAGE_STANDARD = gnu11;
				GCC_DYNAMIC_NO_PIC = NO;
				GCC_NO_COMMON_BLOCKS = YES;
				GCC_OPTIMIZATION_LEVEL = 0;
				GCC_PREPROCESSOR_DEFINITIONS = (
					"DEBUG=1",
					"$(inherited)",
				);
				GCC_WARN_64_TO_32_BIT_CONVERSION = YES;
				GCC_WARN_ABOUT_RETURN_TYPE = YES_ERROR;
				GCC_WARN_UNDECLARED_SELECTOR = YES;
				GCC_WARN_UNINITIALIZED_AUTOS = YES_AGGRESSIVE;
				GCC_WARN_UNUSED_FUNCTION = YES;
				GCC_WARN_UNUSED_VARIABLE = YES;
				GENERATE_INFOPLIST_FILE = YES;
				IPHONEOS_DEPLOYMENT_TARGET = 15.0;
				LD_RUNPATH_SEARCH_PATHS = (
					"$(inherited)",
					"@executable_path/Frameworks",
					"@loader_path/Frameworks",
				);
				MARKETING_VERSION = 1.0;
				MTL_ENABLE_DEBUG_INFO = INCLUDE_SOURCE;
				MTL_FAST_MATH = YES;
				ONLY_ACTIVE_ARCH = YES;
				PRODUCT_BUNDLE_IDENTIFIER = vn.namnh.iOSBaseTests;
				PRODUCT_NAME = "$(TARGET_NAME)";
				SDKROOT = iphoneos;
				SWIFT_ACTIVE_COMPILATION_CONDITIONS = DEBUG;
				SWIFT_EMIT_LOC_STRINGS = NO;
				SWIFT_OPTIMIZATION_LEVEL = "-Onone";
				SWIFT_VERSION = 5.0;
				TARGETED_DEVICE_FAMILY = "1,2";
				TEST_HOST = "$(BUILT_PRODUCTS_DIR)/iOSBase.app/iOSBase";
			};
			name = Development;
		};
		CBDBAB0A2713191F0023A1C0 /* PPE */ = {
			isa = XCBuildConfiguration;
			baseConfigurationReference = 4880AF8837CD9AA9B4E95D27 /* Pods-iOSBaseTests.ppe.xcconfig */;
			buildSettings = {
				ALWAYS_SEARCH_USER_PATHS = NO;
				BUNDLE_LOADER = "$(TEST_HOST)";
				CLANG_ANALYZER_NONNULL = YES;
				CLANG_ANALYZER_NUMBER_OBJECT_CONVERSION = YES_AGGRESSIVE;
				CLANG_CXX_LANGUAGE_STANDARD = "gnu++17";
				CLANG_CXX_LIBRARY = "libc++";
				CLANG_ENABLE_MODULES = YES;
				CLANG_ENABLE_OBJC_ARC = YES;
				CLANG_ENABLE_OBJC_WEAK = YES;
				CLANG_WARN_BLOCK_CAPTURE_AUTORELEASING = YES;
				CLANG_WARN_BOOL_CONVERSION = YES;
				CLANG_WARN_COMMA = YES;
				CLANG_WARN_CONSTANT_CONVERSION = YES;
				CLANG_WARN_DEPRECATED_OBJC_IMPLEMENTATIONS = YES;
				CLANG_WARN_DIRECT_OBJC_ISA_USAGE = YES_ERROR;
				CLANG_WARN_DOCUMENTATION_COMMENTS = YES;
				CLANG_WARN_EMPTY_BODY = YES;
				CLANG_WARN_ENUM_CONVERSION = YES;
				CLANG_WARN_INFINITE_RECURSION = YES;
				CLANG_WARN_INT_CONVERSION = YES;
				CLANG_WARN_NON_LITERAL_NULL_CONVERSION = YES;
				CLANG_WARN_OBJC_IMPLICIT_RETAIN_SELF = YES;
				CLANG_WARN_OBJC_LITERAL_CONVERSION = YES;
				CLANG_WARN_OBJC_ROOT_CLASS = YES_ERROR;
				CLANG_WARN_QUOTED_INCLUDE_IN_FRAMEWORK_HEADER = YES;
				CLANG_WARN_RANGE_LOOP_ANALYSIS = YES;
				CLANG_WARN_STRICT_PROTOTYPES = YES;
				CLANG_WARN_SUSPICIOUS_MOVE = YES;
				CLANG_WARN_UNGUARDED_AVAILABILITY = YES_AGGRESSIVE;
				CLANG_WARN_UNREACHABLE_CODE = YES;
				CLANG_WARN__DUPLICATE_METHOD_MATCH = YES;
				CODE_SIGN_STYLE = Automatic;
				COPY_PHASE_STRIP = NO;
				CURRENT_PROJECT_VERSION = 1;
				DEBUG_INFORMATION_FORMAT = "dwarf-with-dsym";
				ENABLE_NS_ASSERTIONS = NO;
				ENABLE_STRICT_OBJC_MSGSEND = YES;
				GCC_C_LANGUAGE_STANDARD = gnu11;
				GCC_NO_COMMON_BLOCKS = YES;
				GCC_WARN_64_TO_32_BIT_CONVERSION = YES;
				GCC_WARN_ABOUT_RETURN_TYPE = YES_ERROR;
				GCC_WARN_UNDECLARED_SELECTOR = YES;
				GCC_WARN_UNINITIALIZED_AUTOS = YES_AGGRESSIVE;
				GCC_WARN_UNUSED_FUNCTION = YES;
				GCC_WARN_UNUSED_VARIABLE = YES;
				GENERATE_INFOPLIST_FILE = YES;
				IPHONEOS_DEPLOYMENT_TARGET = 15.0;
				LD_RUNPATH_SEARCH_PATHS = (
					"$(inherited)",
					"@executable_path/Frameworks",
					"@loader_path/Frameworks",
				);
				MARKETING_VERSION = 1.0;
				MTL_ENABLE_DEBUG_INFO = NO;
				MTL_FAST_MATH = YES;
				PRODUCT_BUNDLE_IDENTIFIER = vn.namnh.iOSBaseTests;
				PRODUCT_NAME = "$(TARGET_NAME)";
				SDKROOT = iphoneos;
				SWIFT_COMPILATION_MODE = wholemodule;
				SWIFT_EMIT_LOC_STRINGS = NO;
				SWIFT_OPTIMIZATION_LEVEL = "-O";
				SWIFT_VERSION = 5.0;
				TARGETED_DEVICE_FAMILY = "1,2";
				TEST_HOST = "$(BUILT_PRODUCTS_DIR)/iOSBase.app/iOSBase";
				VALIDATE_PRODUCT = YES;
			};
			name = PPE;
		};
		CBDBAB0B2713191F0023A1C0 /* QA */ = {
			isa = XCBuildConfiguration;
			baseConfigurationReference = 846DD702E37556337827D5A1 /* Pods-iOSBaseTests.qa.xcconfig */;
			buildSettings = {
				ALWAYS_SEARCH_USER_PATHS = NO;
				BUNDLE_LOADER = "$(TEST_HOST)";
				CLANG_ANALYZER_NONNULL = YES;
				CLANG_ANALYZER_NUMBER_OBJECT_CONVERSION = YES_AGGRESSIVE;
				CLANG_CXX_LANGUAGE_STANDARD = "gnu++17";
				CLANG_CXX_LIBRARY = "libc++";
				CLANG_ENABLE_MODULES = YES;
				CLANG_ENABLE_OBJC_ARC = YES;
				CLANG_ENABLE_OBJC_WEAK = YES;
				CLANG_WARN_BLOCK_CAPTURE_AUTORELEASING = YES;
				CLANG_WARN_BOOL_CONVERSION = YES;
				CLANG_WARN_COMMA = YES;
				CLANG_WARN_CONSTANT_CONVERSION = YES;
				CLANG_WARN_DEPRECATED_OBJC_IMPLEMENTATIONS = YES;
				CLANG_WARN_DIRECT_OBJC_ISA_USAGE = YES_ERROR;
				CLANG_WARN_DOCUMENTATION_COMMENTS = YES;
				CLANG_WARN_EMPTY_BODY = YES;
				CLANG_WARN_ENUM_CONVERSION = YES;
				CLANG_WARN_INFINITE_RECURSION = YES;
				CLANG_WARN_INT_CONVERSION = YES;
				CLANG_WARN_NON_LITERAL_NULL_CONVERSION = YES;
				CLANG_WARN_OBJC_IMPLICIT_RETAIN_SELF = YES;
				CLANG_WARN_OBJC_LITERAL_CONVERSION = YES;
				CLANG_WARN_OBJC_ROOT_CLASS = YES_ERROR;
				CLANG_WARN_QUOTED_INCLUDE_IN_FRAMEWORK_HEADER = YES;
				CLANG_WARN_RANGE_LOOP_ANALYSIS = YES;
				CLANG_WARN_STRICT_PROTOTYPES = YES;
				CLANG_WARN_SUSPICIOUS_MOVE = YES;
				CLANG_WARN_UNGUARDED_AVAILABILITY = YES_AGGRESSIVE;
				CLANG_WARN_UNREACHABLE_CODE = YES;
				CLANG_WARN__DUPLICATE_METHOD_MATCH = YES;
				CODE_SIGN_STYLE = Automatic;
				COPY_PHASE_STRIP = NO;
				CURRENT_PROJECT_VERSION = 1;
				DEBUG_INFORMATION_FORMAT = "dwarf-with-dsym";
				ENABLE_NS_ASSERTIONS = NO;
				ENABLE_STRICT_OBJC_MSGSEND = YES;
				GCC_C_LANGUAGE_STANDARD = gnu11;
				GCC_NO_COMMON_BLOCKS = YES;
				GCC_WARN_64_TO_32_BIT_CONVERSION = YES;
				GCC_WARN_ABOUT_RETURN_TYPE = YES_ERROR;
				GCC_WARN_UNDECLARED_SELECTOR = YES;
				GCC_WARN_UNINITIALIZED_AUTOS = YES_AGGRESSIVE;
				GCC_WARN_UNUSED_FUNCTION = YES;
				GCC_WARN_UNUSED_VARIABLE = YES;
				GENERATE_INFOPLIST_FILE = YES;
				IPHONEOS_DEPLOYMENT_TARGET = 15.0;
				LD_RUNPATH_SEARCH_PATHS = (
					"$(inherited)",
					"@executable_path/Frameworks",
					"@loader_path/Frameworks",
				);
				MARKETING_VERSION = 1.0;
				MTL_ENABLE_DEBUG_INFO = NO;
				MTL_FAST_MATH = YES;
				PRODUCT_BUNDLE_IDENTIFIER = vn.namnh.iOSBaseTests;
				PRODUCT_NAME = "$(TARGET_NAME)";
				SDKROOT = iphoneos;
				SWIFT_COMPILATION_MODE = wholemodule;
				SWIFT_EMIT_LOC_STRINGS = NO;
				SWIFT_OPTIMIZATION_LEVEL = "-O";
				SWIFT_VERSION = 5.0;
				TARGETED_DEVICE_FAMILY = "1,2";
				TEST_HOST = "$(BUILT_PRODUCTS_DIR)/iOSBase.app/iOSBase";
				VALIDATE_PRODUCT = YES;
			};
			name = QA;
		};
		CBDBAB0C2713191F0023A1C0 /* Production */ = {
			isa = XCBuildConfiguration;
			baseConfigurationReference = D20C31B2FBE977B821FF863F /* Pods-iOSBaseTests.production.xcconfig */;
			buildSettings = {
				ALWAYS_SEARCH_USER_PATHS = NO;
				BUNDLE_LOADER = "$(TEST_HOST)";
				CLANG_ANALYZER_NONNULL = YES;
				CLANG_ANALYZER_NUMBER_OBJECT_CONVERSION = YES_AGGRESSIVE;
				CLANG_CXX_LANGUAGE_STANDARD = "gnu++17";
				CLANG_CXX_LIBRARY = "libc++";
				CLANG_ENABLE_MODULES = YES;
				CLANG_ENABLE_OBJC_ARC = YES;
				CLANG_ENABLE_OBJC_WEAK = YES;
				CLANG_WARN_BLOCK_CAPTURE_AUTORELEASING = YES;
				CLANG_WARN_BOOL_CONVERSION = YES;
				CLANG_WARN_COMMA = YES;
				CLANG_WARN_CONSTANT_CONVERSION = YES;
				CLANG_WARN_DEPRECATED_OBJC_IMPLEMENTATIONS = YES;
				CLANG_WARN_DIRECT_OBJC_ISA_USAGE = YES_ERROR;
				CLANG_WARN_DOCUMENTATION_COMMENTS = YES;
				CLANG_WARN_EMPTY_BODY = YES;
				CLANG_WARN_ENUM_CONVERSION = YES;
				CLANG_WARN_INFINITE_RECURSION = YES;
				CLANG_WARN_INT_CONVERSION = YES;
				CLANG_WARN_NON_LITERAL_NULL_CONVERSION = YES;
				CLANG_WARN_OBJC_IMPLICIT_RETAIN_SELF = YES;
				CLANG_WARN_OBJC_LITERAL_CONVERSION = YES;
				CLANG_WARN_OBJC_ROOT_CLASS = YES_ERROR;
				CLANG_WARN_QUOTED_INCLUDE_IN_FRAMEWORK_HEADER = YES;
				CLANG_WARN_RANGE_LOOP_ANALYSIS = YES;
				CLANG_WARN_STRICT_PROTOTYPES = YES;
				CLANG_WARN_SUSPICIOUS_MOVE = YES;
				CLANG_WARN_UNGUARDED_AVAILABILITY = YES_AGGRESSIVE;
				CLANG_WARN_UNREACHABLE_CODE = YES;
				CLANG_WARN__DUPLICATE_METHOD_MATCH = YES;
				CODE_SIGN_STYLE = Automatic;
				COPY_PHASE_STRIP = NO;
				CURRENT_PROJECT_VERSION = 1;
				DEBUG_INFORMATION_FORMAT = "dwarf-with-dsym";
				ENABLE_NS_ASSERTIONS = NO;
				ENABLE_STRICT_OBJC_MSGSEND = YES;
				GCC_C_LANGUAGE_STANDARD = gnu11;
				GCC_NO_COMMON_BLOCKS = YES;
				GCC_WARN_64_TO_32_BIT_CONVERSION = YES;
				GCC_WARN_ABOUT_RETURN_TYPE = YES_ERROR;
				GCC_WARN_UNDECLARED_SELECTOR = YES;
				GCC_WARN_UNINITIALIZED_AUTOS = YES_AGGRESSIVE;
				GCC_WARN_UNUSED_FUNCTION = YES;
				GCC_WARN_UNUSED_VARIABLE = YES;
				GENERATE_INFOPLIST_FILE = YES;
				IPHONEOS_DEPLOYMENT_TARGET = 15.0;
				LD_RUNPATH_SEARCH_PATHS = (
					"$(inherited)",
					"@executable_path/Frameworks",
					"@loader_path/Frameworks",
				);
				MARKETING_VERSION = 1.0;
				MTL_ENABLE_DEBUG_INFO = NO;
				MTL_FAST_MATH = YES;
				PRODUCT_BUNDLE_IDENTIFIER = vn.namnh.iOSBaseTests;
				PRODUCT_NAME = "$(TARGET_NAME)";
				SDKROOT = iphoneos;
				SWIFT_COMPILATION_MODE = wholemodule;
				SWIFT_EMIT_LOC_STRINGS = NO;
				SWIFT_OPTIMIZATION_LEVEL = "-O";
				SWIFT_VERSION = 5.0;
				TARGETED_DEVICE_FAMILY = "1,2";
				TEST_HOST = "$(BUILT_PRODUCTS_DIR)/iOSBase.app/iOSBase";
				VALIDATE_PRODUCT = YES;
			};
			name = Production;
		};
		CBEAB30826FA1BBE00BD82C6 /* QA */ = {
			isa = XCBuildConfiguration;
			buildSettings = {
				ALWAYS_SEARCH_USER_PATHS = NO;
				CLANG_ANALYZER_LOCALIZABILITY_NONLOCALIZED = YES;
				CLANG_ANALYZER_NONNULL = YES;
				CLANG_ANALYZER_NUMBER_OBJECT_CONVERSION = YES_AGGRESSIVE;
				CLANG_CXX_LANGUAGE_STANDARD = "gnu++14";
				CLANG_CXX_LIBRARY = "libc++";
				CLANG_ENABLE_MODULES = YES;
				CLANG_ENABLE_OBJC_ARC = YES;
				CLANG_ENABLE_OBJC_WEAK = YES;
				CLANG_WARN_BLOCK_CAPTURE_AUTORELEASING = YES;
				CLANG_WARN_BOOL_CONVERSION = YES;
				CLANG_WARN_COMMA = YES;
				CLANG_WARN_CONSTANT_CONVERSION = YES;
				CLANG_WARN_DEPRECATED_OBJC_IMPLEMENTATIONS = YES;
				CLANG_WARN_DIRECT_OBJC_ISA_USAGE = YES_ERROR;
				CLANG_WARN_DOCUMENTATION_COMMENTS = YES;
				CLANG_WARN_EMPTY_BODY = YES;
				CLANG_WARN_ENUM_CONVERSION = YES;
				CLANG_WARN_INFINITE_RECURSION = YES;
				CLANG_WARN_INT_CONVERSION = YES;
				CLANG_WARN_NON_LITERAL_NULL_CONVERSION = YES;
				CLANG_WARN_OBJC_IMPLICIT_RETAIN_SELF = YES;
				CLANG_WARN_OBJC_LITERAL_CONVERSION = YES;
				CLANG_WARN_OBJC_ROOT_CLASS = YES_ERROR;
				CLANG_WARN_QUOTED_INCLUDE_IN_FRAMEWORK_HEADER = YES;
				CLANG_WARN_RANGE_LOOP_ANALYSIS = YES;
				CLANG_WARN_STRICT_PROTOTYPES = YES;
				CLANG_WARN_SUSPICIOUS_MOVE = YES;
				CLANG_WARN_UNGUARDED_AVAILABILITY = YES_AGGRESSIVE;
				CLANG_WARN_UNREACHABLE_CODE = YES;
				CLANG_WARN__DUPLICATE_METHOD_MATCH = YES;
				COPY_PHASE_STRIP = NO;
				DEBUG_INFORMATION_FORMAT = dwarf;
				ENABLE_NS_ASSERTIONS = YES;
				ENABLE_STRICT_OBJC_MSGSEND = YES;
				ENABLE_TESTABILITY = YES;
				"EXCLUDED_ARCHS[sdk=appletvos*]" = "";
				"EXCLUDED_ARCHS[sdk=appletvsimulator*]" = "";
				GCC_C_LANGUAGE_STANDARD = gnu11;
				GCC_NO_COMMON_BLOCKS = YES;
				GCC_OPTIMIZATION_LEVEL = 0;
				GCC_WARN_64_TO_32_BIT_CONVERSION = YES;
				GCC_WARN_ABOUT_RETURN_TYPE = YES_ERROR;
				GCC_WARN_UNDECLARED_SELECTOR = YES;
				GCC_WARN_UNINITIALIZED_AUTOS = YES_AGGRESSIVE;
				GCC_WARN_UNUSED_FUNCTION = YES;
				GCC_WARN_UNUSED_VARIABLE = YES;
				IPHONEOS_DEPLOYMENT_TARGET = 13.0;
				MTL_ENABLE_DEBUG_INFO = INCLUDE_SOURCE;
				MTL_FAST_MATH = YES;
				ONLY_ACTIVE_ARCH = YES;
				SDKROOT = iphoneos;
				SWIFT_ACTIVE_COMPILATION_CONDITIONS = DEBUG;
				SWIFT_COMPILATION_MODE = singlefile;
				SWIFT_OPTIMIZATION_LEVEL = "-Onone";
				VALIDATE_PRODUCT = NO;
			};
			name = QA;
		};
		CBEAB33426FB9BAC00BD82C6 /* QA */ = {
			isa = XCBuildConfiguration;
			baseConfigurationReference = 65887B4667E9131D7A931D73 /* Pods-iOSBase.qa.xcconfig */;
			buildSettings = {
				ASSETCATALOG_COMPILER_APPICON_NAME = AppIcon;
				ASSETCATALOG_COMPILER_GLOBAL_ACCENT_COLOR_NAME = AccentColor;
				CODE_SIGN_IDENTITY = "iPhone Distribution";
				CODE_SIGN_STYLE = Manual;
				CURRENT_PROJECT_VERSION = 1;
				DEVELOPMENT_TEAM = L38PND4S5S;
				INFOPLIST_FILE = iOSBase/AppConfiguration/Info.plist;
				IPHONEOS_DEPLOYMENT_TARGET = 13.0;
				LD_RUNPATH_SEARCH_PATHS = (
					"$(inherited)",
					"@executable_path/Frameworks",
				);
				MARKETING_VERSION = 1.0.0;
				PRODUCT_BUNDLE_IDENTIFIER = vn.namnh.iOSBase.qa;
				PRODUCT_NAME = "$(TARGET_NAME)";
				PROVISIONING_PROFILE_SPECIFIER = "match AdHoc vn.namnh.iOSBase.qa";
				SWIFT_VERSION = 5.0;
				TARGETED_DEVICE_FAMILY = "1,2";
			};
			name = QA;
		};
/* End XCBuildConfiguration section */

/* Begin XCConfigurationList section */
		CBDBAAF9271319170023A1C0 /* Build configuration list for PBXNativeTarget "iOSBaseUITests" */ = {
			isa = XCConfigurationList;
			buildConfigurations = (
				CBDBAAFA271319170023A1C0 /* Development */,
				CBDBAAFB271319170023A1C0 /* PPE */,
				CBDBAAFC271319170023A1C0 /* QA */,
				CBDBAAFD271319170023A1C0 /* Production */,
			);
			defaultConfigurationIsVisible = 0;
			defaultConfigurationName = Development;
		};
		CBDBAB082713191F0023A1C0 /* Build configuration list for PBXNativeTarget "iOSBaseTests" */ = {
			isa = XCConfigurationList;
			buildConfigurations = (
				CBDBAB092713191F0023A1C0 /* Development */,
				CBDBAB0A2713191F0023A1C0 /* PPE */,
				CBDBAB0B2713191F0023A1C0 /* QA */,
				CBDBAB0C2713191F0023A1C0 /* Production */,
			);
			defaultConfigurationIsVisible = 0;
			defaultConfigurationName = Development;
		};
		CBEAB2DA26FA1BBD00BD82C6 /* Build configuration list for PBXProject "iOSBase" */ = {
			isa = XCConfigurationList;
			buildConfigurations = (
				CBB49E752706E93F0043B128 /* Development */,
				CBCB9DF1270C0A25002C276C /* PPE */,
				CBEAB30826FA1BBE00BD82C6 /* QA */,
				CBB49E792706E9500043B128 /* Production */,
			);
			defaultConfigurationIsVisible = 0;
			defaultConfigurationName = Development;
		};
		CBEAB33226FB9BAC00BD82C6 /* Build configuration list for PBXNativeTarget "iOSBase" */ = {
			isa = XCConfigurationList;
			buildConfigurations = (
				CBB49E782706E93F0043B128 /* Development */,
				CBCB9DF2270C0A25002C276C /* PPE */,
				CBEAB33426FB9BAC00BD82C6 /* QA */,
				CBB49E7C2706E9500043B128 /* Production */,
			);
			defaultConfigurationIsVisible = 0;
			defaultConfigurationName = Development;
		};
/* End XCConfigurationList section */
	};
	rootObject = CBEAB2D726FA1BBD00BD82C6 /* Project object */;
}
